{
    "version": 3,
    "terraform_version": "0.11.10",
    "serial": 3,
    "lineage": "f14c8a0b-c429-3d97-f5bb-981c2e2b077f",
    "modules": [
        {
            "path": [
                "root"
            ],
            "outputs": {
                "control_center_endpoint": {
                    "sensitive": false,
                    "type": "string",
                    "value": "Control Center has been disabled"
                },
                "kafka_connect_endpoint": {
                    "sensitive": false,
                    "type": "string",
                    "value": "Kafka Connect has been disabled"
                },
                "ksql_server_endpoint": {
                    "sensitive": false,
                    "type": "string",
                    "value": "KSQL Server has been disabled"
                },
                "rest_proxy_endpoint": {
                    "sensitive": false,
                    "type": "string",
                    "value": "REST Proxy has been disabled"
                },
                "schema_registry_endpoint": {
                    "sensitive": false,
                    "type": "string",
                    "value": "http://schema-registry-1402372089.us-east-1.elb.amazonaws.com"
                }
            },
            "resources": {
                "aws_alb.schema_registry": {
                    "type": "aws_alb",
                    "depends_on": [
                        "aws_instance.schema_registry",
                        "aws_security_group.load_balancer",
                        "aws_subnet.public_subnet_1",
                        "aws_subnet.public_subnet_2"
                    ],
                    "primary": {
                        "id": "arn:aws:elasticloadbalancing:us-east-1:522181617057:loadbalancer/app/schema-registry/2acce005be46521c",
                        "attributes": {
                            "access_logs.#": "0",
                            "arn": "arn:aws:elasticloadbalancing:us-east-1:522181617057:loadbalancer/app/schema-registry/2acce005be46521c",
                            "arn_suffix": "app/schema-registry/2acce005be46521c",
                            "dns_name": "schema-registry-1402372089.us-east-1.elb.amazonaws.com",
                            "enable_deletion_protection": "false",
                            "enable_http2": "true",
                            "id": "arn:aws:elasticloadbalancing:us-east-1:522181617057:loadbalancer/app/schema-registry/2acce005be46521c",
                            "idle_timeout": "60",
                            "internal": "false",
                            "ip_address_type": "ipv4",
                            "load_balancer_type": "application",
                            "name": "schema-registry",
                            "security_groups.#": "1",
                            "security_groups.2101520726": "sg-04fdecb3a8ed1c5ce",
                            "subnet_mapping.#": "0",
                            "subnets.#": "2",
                            "subnets.1397544671": "subnet-01712c61207c44852",
                            "subnets.3318916801": "subnet-0760ec832087a3fa3",
                            "tags.%": "1",
                            "tags.Name": "schema-registry",
                            "vpc_id": "vpc-0de47c8d970cf162e",
                            "zone_id": "Z35SXDOTRQ7X7K"
                        },
                        "meta": {
                            "e2bfb730-ecaa-11e6-8f88-34363bc7c4c0": {
                                "create": 600000000000,
                                "delete": 600000000000,
                                "update": 600000000000
                            }
                        },
                        "tainted": false
                    },
                    "deposed": [],
                    "provider": "provider.aws"
                },
                "aws_alb_listener.schema_registry_listener": {
                    "type": "aws_alb_listener",
                    "depends_on": [
                        "aws_alb.schema_registry",
                        "aws_alb_target_group.schema_registry_target_group"
                    ],
                    "primary": {
                        "id": "arn:aws:elasticloadbalancing:us-east-1:522181617057:listener/app/schema-registry/2acce005be46521c/31115e22bf5f737d",
                        "attributes": {
                            "arn": "arn:aws:elasticloadbalancing:us-east-1:522181617057:listener/app/schema-registry/2acce005be46521c/31115e22bf5f737d",
                            "default_action.#": "1",
                            "default_action.0.authenticate_cognito.#": "0",
                            "default_action.0.authenticate_oidc.#": "0",
                            "default_action.0.fixed_response.#": "0",
                            "default_action.0.order": "1",
                            "default_action.0.redirect.#": "0",
                            "default_action.0.target_group_arn": "arn:aws:elasticloadbalancing:us-east-1:522181617057:targetgroup/schema-registry-target-group/4c3b2d85baa7f7c0",
                            "default_action.0.type": "forward",
                            "id": "arn:aws:elasticloadbalancing:us-east-1:522181617057:listener/app/schema-registry/2acce005be46521c/31115e22bf5f737d",
                            "load_balancer_arn": "arn:aws:elasticloadbalancing:us-east-1:522181617057:loadbalancer/app/schema-registry/2acce005be46521c",
                            "port": "80",
                            "protocol": "HTTP",
                            "ssl_policy": ""
                        },
                        "meta": {
                            "e2bfb730-ecaa-11e6-8f88-34363bc7c4c0": {
                                "read": 600000000000
                            }
                        },
                        "tainted": false
                    },
                    "deposed": [],
                    "provider": "provider.aws"
                },
                "aws_alb_target_group.schema_registry_target_group": {
                    "type": "aws_alb_target_group",
                    "depends_on": [
                        "aws_vpc.default"
                    ],
                    "primary": {
                        "id": "arn:aws:elasticloadbalancing:us-east-1:522181617057:targetgroup/schema-registry-target-group/4c3b2d85baa7f7c0",
                        "attributes": {
                            "arn": "arn:aws:elasticloadbalancing:us-east-1:522181617057:targetgroup/schema-registry-target-group/4c3b2d85baa7f7c0",
                            "arn_suffix": "targetgroup/schema-registry-target-group/4c3b2d85baa7f7c0",
                            "deregistration_delay": "300",
                            "health_check.#": "1",
                            "health_check.0.healthy_threshold": "3",
                            "health_check.0.interval": "5",
                            "health_check.0.matcher": "200",
                            "health_check.0.path": "/",
                            "health_check.0.port": "8081",
                            "health_check.0.protocol": "HTTP",
                            "health_check.0.timeout": "3",
                            "health_check.0.unhealthy_threshold": "3",
                            "id": "arn:aws:elasticloadbalancing:us-east-1:522181617057:targetgroup/schema-registry-target-group/4c3b2d85baa7f7c0",
                            "name": "schema-registry-target-group",
                            "port": "8081",
                            "protocol": "HTTP",
                            "proxy_protocol_v2": "false",
                            "slow_start": "0",
                            "stickiness.#": "1",
                            "stickiness.0.cookie_duration": "86400",
                            "stickiness.0.enabled": "false",
                            "stickiness.0.type": "lb_cookie",
                            "tags.%": "0",
                            "target_type": "instance",
                            "vpc_id": "vpc-0de47c8d970cf162e"
                        },
                        "meta": {},
                        "tainted": false
                    },
                    "deposed": [],
                    "provider": "provider.aws"
                },
                "aws_alb_target_group_attachment.schema_registry_attachment": {
                    "type": "aws_alb_target_group_attachment",
                    "depends_on": [
                        "aws_alb_target_group.schema_registry_target_group",
                        "aws_instance.schema_registry.*"
                    ],
                    "primary": {
                        "id": "arn:aws:elasticloadbalancing:us-east-1:522181617057:targetgroup/schema-registry-target-group/4c3b2d85baa7f7c0-20181102154556810900000001",
                        "attributes": {
                            "id": "arn:aws:elasticloadbalancing:us-east-1:522181617057:targetgroup/schema-registry-target-group/4c3b2d85baa7f7c0-20181102154556810900000001",
                            "port": "8081",
                            "target_group_arn": "arn:aws:elasticloadbalancing:us-east-1:522181617057:targetgroup/schema-registry-target-group/4c3b2d85baa7f7c0",
                            "target_id": "i-0bf6a2d28cabb6036"
                        },
                        "meta": {},
                        "tainted": false
                    },
                    "deposed": [],
                    "provider": "provider.aws"
                },
                "aws_eip.default": {
                    "type": "aws_eip",
                    "depends_on": [
                        "aws_internet_gateway.default"
                    ],
                    "primary": {
                        "id": "eipalloc-06c1c26a0b9d20606",
                        "attributes": {
                            "association_id": "eipassoc-ba300011",
                            "domain": "vpc",
                            "id": "eipalloc-06c1c26a0b9d20606",
                            "instance": "",
                            "network_interface": "eni-09989f5225c9eba47",
                            "private_ip": "10.0.3.68",
                            "public_ip": "100.24.101.22",
                            "tags.%": "1",
                            "tags.Name": "ccloud-tools",
                            "vpc": "true"
                        },
                        "meta": {
                            "e2bfb730-ecaa-11e6-8f88-34363bc7c4c0": {
                                "delete": 180000000000,
                                "read": 900000000000,
                                "update": 300000000000
                            }
                        },
                        "tainted": false
                    },
                    "deposed": [],
                    "provider": "provider.aws"
                },
                "aws_instance.schema_registry": {
                    "type": "aws_instance",
                    "depends_on": [
                        "aws_key_pair.generated_key",
                        "aws_nat_gateway.default",
                        "aws_security_group.schema_registry",
                        "aws_subnet.private_subnet_1",
                        "aws_subnet.private_subnet_2",
                        "data.aws_subnet_ids.private",
                        "data.template_file.schema_registry_bootstrap"
                    ],
                    "primary": {
                        "id": "i-0bf6a2d28cabb6036",
                        "attributes": {
                            "ami": "ami-0922553b7b0369273",
                            "arn": "arn:aws:ec2:us-east-1:522181617057:instance/i-0bf6a2d28cabb6036",
                            "associate_public_ip_address": "false",
                            "availability_zone": "us-east-1b",
                            "cpu_core_count": "1",
                            "cpu_threads_per_core": "2",
                            "credit_specification.#": "1",
                            "credit_specification.0.cpu_credits": "unlimited",
                            "disable_api_termination": "false",
                            "ebs_block_device.#": "1",
                            "ebs_block_device.3905984573.delete_on_termination": "true",
                            "ebs_block_device.3905984573.device_name": "/dev/xvdb",
                            "ebs_block_device.3905984573.encrypted": "false",
                            "ebs_block_device.3905984573.iops": "300",
                            "ebs_block_device.3905984573.snapshot_id": "",
                            "ebs_block_device.3905984573.volume_id": "vol-00634aa3b91bf0263",
                            "ebs_block_device.3905984573.volume_size": "100",
                            "ebs_block_device.3905984573.volume_type": "gp2",
                            "ebs_optimized": "false",
                            "ephemeral_block_device.#": "0",
                            "get_password_data": "false",
                            "iam_instance_profile": "",
                            "id": "i-0bf6a2d28cabb6036",
                            "instance_state": "running",
                            "instance_type": "t3.medium",
                            "ipv6_addresses.#": "0",
                            "key_name": "ccloud-tools",
                            "monitoring": "false",
                            "network_interface.#": "0",
                            "network_interface_id": "eni-0f5d356946817e6a4",
                            "password_data": "",
                            "placement_group": "",
                            "primary_network_interface_id": "eni-0f5d356946817e6a4",
                            "private_dns": "ip-10-0-2-253.ec2.internal",
                            "private_ip": "10.0.2.253",
                            "public_dns": "",
                            "public_ip": "",
                            "root_block_device.#": "1",
                            "root_block_device.0.delete_on_termination": "true",
                            "root_block_device.0.iops": "100",
                            "root_block_device.0.volume_id": "vol-001c567df42341845",
                            "root_block_device.0.volume_size": "8",
                            "root_block_device.0.volume_type": "gp2",
                            "security_groups.#": "0",
                            "source_dest_check": "true",
                            "subnet_id": "subnet-0a0dcde8541659762",
                            "tags.%": "1",
                            "tags.Name": "schema-registry-0",
                            "tenancy": "default",
                            "user_data": "f8d6db7af25c2f54c5878ef0a73b5444d5430da5",
                            "volume_tags.%": "0",
                            "vpc_security_group_ids.#": "1",
                            "vpc_security_group_ids.4050568728": "sg-010e7020c0f67f5e8"
                        },
                        "meta": {
                            "e2bfb730-ecaa-11e6-8f88-34363bc7c4c0": {
                                "create": 600000000000,
                                "delete": 1200000000000,
                                "update": 600000000000
                            },
                            "schema_version": "1"
                        },
                        "tainted": false
                    },
                    "deposed": [],
                    "provider": "provider.aws"
                },
                "aws_internet_gateway.default": {
                    "type": "aws_internet_gateway",
                    "depends_on": [
                        "aws_vpc.default"
                    ],
                    "primary": {
                        "id": "igw-09b5e18edc9369e1b",
                        "attributes": {
                            "id": "igw-09b5e18edc9369e1b",
                            "tags.%": "1",
                            "tags.Name": "ccloud-tools",
                            "vpc_id": "vpc-0de47c8d970cf162e"
                        },
                        "meta": {},
                        "tainted": false
                    },
                    "deposed": [],
                    "provider": "provider.aws"
                },
                "aws_key_pair.generated_key": {
                    "type": "aws_key_pair",
                    "depends_on": [
                        "tls_private_key.key_pair"
                    ],
                    "primary": {
                        "id": "ccloud-tools",
                        "attributes": {
                            "fingerprint": "b8:59:1c:ce:65:a4:67:1d:76:df:1d:a6:ff:59:32:76",
                            "id": "ccloud-tools",
                            "key_name": "ccloud-tools",
                            "public_key": "ssh-rsa AAAAB3NzaC1yc2EAAAADAQABAAACAQCux4SXYrLqwipNFieVji0JNp8+IwaXMx3lhKOaMFXNrre1ah+rMtPbkhJVNs4ycSth3wr0X5tU8eCDR7JRHvhq1toVSL9BW/wo+WKXiYCe50fC2c+MXKzoNHyv8EwOs0sD2LauwcfB3jhvcqS8VFAn7U7VVdj7sfAQ+AFRd7rsmCXUtRjMA8zU9+xDfKEFi9HvxqAwSPwLNdHqPqRr4Wth5NUKAmvz6/g6U0m3USSrfT2FNk7ynsjuI8a262lvzxFwKnE5s9D5qPr6zmmx5FTSvl/6gp7G+82wGaj3apAe1k6p1OHfdFajcSZwiFFldBLKiHtYhGvIuA8hsNpZGzGj/Yhax994kF/UjfQJmHAaaFsuFG/0Oau2ngeDv/g8JPxxhHMdNVATTCT63PwuLBCBPkTGy49ksCcOZQGrm4PnmzohYKek/hEQfjZFLJ+ZkbP9lLLzIrLCj0hKd1AG9KssLwOVJztDjJH82p4ZAmtHQLcwHzS6qjNqeK4y+pDYw5THbdw7PLhvTWf1Xi77WpZpssHF/xoh4LWLbDcC38Bq1/bQCLyk8RGAv77dbaqDFXstj5PNSC+zHsUbZVyB7IQSLb6WjAKhlVR9MD05YpaS0VvrkIiHfV21NFX4rJlWKvpsdoavy+h8vWqJqvW4iBQrL3RHwqEELLj07HL9GVkFbQ=="
                        },
                        "meta": {
                            "schema_version": "1"
                        },
                        "tainted": false
                    },
                    "deposed": [],
                    "provider": "provider.aws"
                },
                "aws_nat_gateway.default": {
                    "type": "aws_nat_gateway",
                    "depends_on": [
                        "aws_eip.default",
                        "aws_internet_gateway.default",
                        "aws_subnet.public_subnet_1"
                    ],
                    "primary": {
                        "id": "nat-0ebed9403123cd4d7",
                        "attributes": {
                            "allocation_id": "eipalloc-06c1c26a0b9d20606",
                            "id": "nat-0ebed9403123cd4d7",
                            "network_interface_id": "eni-09989f5225c9eba47",
                            "private_ip": "10.0.3.68",
                            "public_ip": "100.24.101.22",
                            "subnet_id": "subnet-01712c61207c44852",
                            "tags.%": "1",
                            "tags.Name": "ccloud-tools"
                        },
                        "meta": {},
                        "tainted": false
                    },
                    "deposed": [],
                    "provider": "provider.aws"
                },
                "aws_route.default": {
                    "type": "aws_route",
                    "depends_on": [
                        "aws_internet_gateway.default",
                        "aws_vpc.default"
                    ],
                    "primary": {
                        "id": "r-rtb-09e5441b4be4a19f81080289494",
                        "attributes": {
                            "destination_cidr_block": "0.0.0.0/0",
                            "destination_prefix_list_id": "",
                            "egress_only_gateway_id": "",
                            "gateway_id": "igw-09b5e18edc9369e1b",
                            "id": "r-rtb-09e5441b4be4a19f81080289494",
                            "instance_id": "",
                            "instance_owner_id": "",
                            "nat_gateway_id": "",
                            "network_interface_id": "",
                            "origin": "CreateRoute",
                            "route_table_id": "rtb-09e5441b4be4a19f8",
                            "state": "active",
                            "vpc_peering_connection_id": ""
                        },
                        "meta": {
                            "e2bfb730-ecaa-11e6-8f88-34363bc7c4c0": {
                                "create": 120000000000,
                                "delete": 300000000000
                            }
                        },
                        "tainted": false
                    },
                    "deposed": [],
                    "provider": "provider.aws"
                },
                "aws_route.private_route_2_internet": {
                    "type": "aws_route",
                    "depends_on": [
                        "aws_nat_gateway.default",
                        "aws_route_table.private_route_table"
                    ],
                    "primary": {
                        "id": "r-rtb-02205c23c3b8c3ec61080289494",
                        "attributes": {
                            "destination_cidr_block": "0.0.0.0/0",
                            "destination_prefix_list_id": "",
                            "egress_only_gateway_id": "",
                            "gateway_id": "",
                            "id": "r-rtb-02205c23c3b8c3ec61080289494",
                            "instance_id": "",
                            "instance_owner_id": "",
                            "nat_gateway_id": "nat-0ebed9403123cd4d7",
                            "network_interface_id": "",
                            "origin": "CreateRoute",
                            "route_table_id": "rtb-02205c23c3b8c3ec6",
                            "state": "active",
                            "vpc_peering_connection_id": ""
                        },
                        "meta": {
                            "e2bfb730-ecaa-11e6-8f88-34363bc7c4c0": {
                                "create": 120000000000,
                                "delete": 300000000000
                            }
                        },
                        "tainted": false
                    },
                    "deposed": [],
                    "provider": "provider.aws"
                },
                "aws_route_table.private_route_table": {
                    "type": "aws_route_table",
                    "depends_on": [
                        "aws_vpc.default"
                    ],
                    "primary": {
                        "id": "rtb-02205c23c3b8c3ec6",
                        "attributes": {
                            "id": "rtb-02205c23c3b8c3ec6",
                            "propagating_vgws.#": "0",
                            "route.#": "1",
                            "route.290345881.cidr_block": "0.0.0.0/0",
                            "route.290345881.egress_only_gateway_id": "",
                            "route.290345881.gateway_id": "",
                            "route.290345881.instance_id": "",
                            "route.290345881.ipv6_cidr_block": "",
                            "route.290345881.nat_gateway_id": "nat-0ebed9403123cd4d7",
                            "route.290345881.network_interface_id": "",
                            "route.290345881.vpc_peering_connection_id": "",
                            "tags.%": "1",
                            "tags.Name": "private-route-table",
                            "vpc_id": "vpc-0de47c8d970cf162e"
                        },
                        "meta": {},
                        "tainted": false
                    },
                    "deposed": [],
                    "provider": "provider.aws"
                },
                "aws_route_table_association.private_subnet_1_association": {
                    "type": "aws_route_table_association",
                    "depends_on": [
                        "aws_route_table.private_route_table",
                        "aws_subnet.private_subnet_1"
                    ],
                    "primary": {
                        "id": "rtbassoc-0cdc7c8476f43fc44",
                        "attributes": {
                            "id": "rtbassoc-0cdc7c8476f43fc44",
                            "route_table_id": "rtb-02205c23c3b8c3ec6",
                            "subnet_id": "subnet-089b7e3f053a3226f"
                        },
                        "meta": {},
                        "tainted": false
                    },
                    "deposed": [],
                    "provider": "provider.aws"
                },
                "aws_route_table_association.private_subnet_2_association": {
                    "type": "aws_route_table_association",
                    "depends_on": [
                        "aws_route_table.private_route_table",
                        "aws_subnet.private_subnet_2"
                    ],
                    "primary": {
                        "id": "rtbassoc-004a8bc53bc900eb3",
                        "attributes": {
                            "id": "rtbassoc-004a8bc53bc900eb3",
                            "route_table_id": "rtb-02205c23c3b8c3ec6",
                            "subnet_id": "subnet-0a0dcde8541659762"
                        },
                        "meta": {},
                        "tainted": false
                    },
                    "deposed": [],
                    "provider": "provider.aws"
                },
                "aws_route_table_association.public_subnet_1_association": {
                    "type": "aws_route_table_association",
                    "depends_on": [
                        "aws_subnet.public_subnet_1",
                        "aws_vpc.default"
                    ],
                    "primary": {
                        "id": "rtbassoc-07a36414440b70c92",
                        "attributes": {
                            "id": "rtbassoc-07a36414440b70c92",
                            "route_table_id": "rtb-09e5441b4be4a19f8",
                            "subnet_id": "subnet-01712c61207c44852"
                        },
                        "meta": {},
                        "tainted": false
                    },
                    "deposed": [],
                    "provider": "provider.aws"
                },
                "aws_route_table_association.public_subnet_2_association": {
                    "type": "aws_route_table_association",
                    "depends_on": [
                        "aws_subnet.public_subnet_2",
                        "aws_vpc.default"
                    ],
                    "primary": {
                        "id": "rtbassoc-07e950bc30dc162bd",
                        "attributes": {
                            "id": "rtbassoc-07e950bc30dc162bd",
                            "route_table_id": "rtb-09e5441b4be4a19f8",
                            "subnet_id": "subnet-0760ec832087a3fa3"
                        },
                        "meta": {},
                        "tainted": false
                    },
                    "deposed": [],
                    "provider": "provider.aws"
                },
                "aws_security_group.control_center": {
                    "type": "aws_security_group",
                    "depends_on": [
                        "aws_vpc.default"
                    ],
                    "primary": {
                        "id": "sg-07713c70cc52c71fb",
                        "attributes": {
                            "arn": "arn:aws:ec2:us-east-1:522181617057:security-group/sg-07713c70cc52c71fb",
                            "description": "Control Center",
                            "egress.#": "1",
                            "egress.482069346.cidr_blocks.#": "1",
                            "egress.482069346.cidr_blocks.0": "0.0.0.0/0",
                            "egress.482069346.description": "",
                            "egress.482069346.from_port": "0",
                            "egress.482069346.ipv6_cidr_blocks.#": "0",
                            "egress.482069346.prefix_list_ids.#": "0",
                            "egress.482069346.protocol": "-1",
                            "egress.482069346.security_groups.#": "0",
                            "egress.482069346.self": "false",
                            "egress.482069346.to_port": "0",
                            "id": "sg-07713c70cc52c71fb",
                            "ingress.#": "2",
                            "ingress.1439607062.cidr_blocks.#": "1",
                            "ingress.1439607062.cidr_blocks.0": "10.0.5.0/24",
                            "ingress.1439607062.description": "",
                            "ingress.1439607062.from_port": "22",
                            "ingress.1439607062.ipv6_cidr_blocks.#": "0",
                            "ingress.1439607062.prefix_list_ids.#": "0",
                            "ingress.1439607062.protocol": "tcp",
                            "ingress.1439607062.security_groups.#": "0",
                            "ingress.1439607062.self": "false",
                            "ingress.1439607062.to_port": "22",
                            "ingress.3446749482.cidr_blocks.#": "4",
                            "ingress.3446749482.cidr_blocks.0": "10.0.1.0/24",
                            "ingress.3446749482.cidr_blocks.1": "10.0.2.0/24",
                            "ingress.3446749482.cidr_blocks.2": "10.0.3.0/24",
                            "ingress.3446749482.cidr_blocks.3": "10.0.4.0/24",
                            "ingress.3446749482.description": "",
                            "ingress.3446749482.from_port": "9021",
                            "ingress.3446749482.ipv6_cidr_blocks.#": "0",
                            "ingress.3446749482.prefix_list_ids.#": "0",
                            "ingress.3446749482.protocol": "tcp",
                            "ingress.3446749482.security_groups.#": "0",
                            "ingress.3446749482.self": "false",
                            "ingress.3446749482.to_port": "9021",
                            "name": "control-center",
                            "owner_id": "522181617057",
                            "revoke_rules_on_delete": "false",
                            "tags.%": "0",
                            "vpc_id": "vpc-0de47c8d970cf162e"
                        },
                        "meta": {
                            "e2bfb730-ecaa-11e6-8f88-34363bc7c4c0": {
                                "create": 600000000000,
                                "delete": 600000000000
                            },
                            "schema_version": "1"
                        },
                        "tainted": false
                    },
                    "deposed": [],
                    "provider": "provider.aws"
                },
                "aws_security_group.kafka_connect": {
                    "type": "aws_security_group",
                    "depends_on": [
                        "aws_vpc.default"
                    ],
                    "primary": {
                        "id": "sg-0558e8105bd4dadb5",
                        "attributes": {
                            "arn": "arn:aws:ec2:us-east-1:522181617057:security-group/sg-0558e8105bd4dadb5",
                            "description": "Kafka Connect",
                            "egress.#": "1",
                            "egress.482069346.cidr_blocks.#": "1",
                            "egress.482069346.cidr_blocks.0": "0.0.0.0/0",
                            "egress.482069346.description": "",
                            "egress.482069346.from_port": "0",
                            "egress.482069346.ipv6_cidr_blocks.#": "0",
                            "egress.482069346.prefix_list_ids.#": "0",
                            "egress.482069346.protocol": "-1",
                            "egress.482069346.security_groups.#": "0",
                            "egress.482069346.self": "false",
                            "egress.482069346.to_port": "0",
                            "id": "sg-0558e8105bd4dadb5",
                            "ingress.#": "2",
                            "ingress.1439607062.cidr_blocks.#": "1",
                            "ingress.1439607062.cidr_blocks.0": "10.0.5.0/24",
                            "ingress.1439607062.description": "",
                            "ingress.1439607062.from_port": "22",
                            "ingress.1439607062.ipv6_cidr_blocks.#": "0",
                            "ingress.1439607062.prefix_list_ids.#": "0",
                            "ingress.1439607062.protocol": "tcp",
                            "ingress.1439607062.security_groups.#": "0",
                            "ingress.1439607062.self": "false",
                            "ingress.1439607062.to_port": "22",
                            "ingress.2123609095.cidr_blocks.#": "4",
                            "ingress.2123609095.cidr_blocks.0": "10.0.1.0/24",
                            "ingress.2123609095.cidr_blocks.1": "10.0.2.0/24",
                            "ingress.2123609095.cidr_blocks.2": "10.0.3.0/24",
                            "ingress.2123609095.cidr_blocks.3": "10.0.4.0/24",
                            "ingress.2123609095.description": "",
                            "ingress.2123609095.from_port": "8083",
                            "ingress.2123609095.ipv6_cidr_blocks.#": "0",
                            "ingress.2123609095.prefix_list_ids.#": "0",
                            "ingress.2123609095.protocol": "tcp",
                            "ingress.2123609095.security_groups.#": "0",
                            "ingress.2123609095.self": "false",
                            "ingress.2123609095.to_port": "8083",
                            "name": "kafka-connect",
                            "owner_id": "522181617057",
                            "revoke_rules_on_delete": "false",
                            "tags.%": "0",
                            "vpc_id": "vpc-0de47c8d970cf162e"
                        },
                        "meta": {
                            "e2bfb730-ecaa-11e6-8f88-34363bc7c4c0": {
                                "create": 600000000000,
                                "delete": 600000000000
                            },
                            "schema_version": "1"
                        },
                        "tainted": false
                    },
                    "deposed": [],
                    "provider": "provider.aws"
                },
                "aws_security_group.ksql_server": {
                    "type": "aws_security_group",
                    "depends_on": [
                        "aws_vpc.default"
                    ],
                    "primary": {
                        "id": "sg-0beedec1372a1a35c",
                        "attributes": {
                            "arn": "arn:aws:ec2:us-east-1:522181617057:security-group/sg-0beedec1372a1a35c",
                            "description": "KSQL Server",
                            "egress.#": "1",
                            "egress.482069346.cidr_blocks.#": "1",
                            "egress.482069346.cidr_blocks.0": "0.0.0.0/0",
                            "egress.482069346.description": "",
                            "egress.482069346.from_port": "0",
                            "egress.482069346.ipv6_cidr_blocks.#": "0",
                            "egress.482069346.prefix_list_ids.#": "0",
                            "egress.482069346.protocol": "-1",
                            "egress.482069346.security_groups.#": "0",
                            "egress.482069346.self": "false",
                            "egress.482069346.to_port": "0",
                            "id": "sg-0beedec1372a1a35c",
                            "ingress.#": "2",
                            "ingress.1439607062.cidr_blocks.#": "1",
                            "ingress.1439607062.cidr_blocks.0": "10.0.5.0/24",
                            "ingress.1439607062.description": "",
                            "ingress.1439607062.from_port": "22",
                            "ingress.1439607062.ipv6_cidr_blocks.#": "0",
                            "ingress.1439607062.prefix_list_ids.#": "0",
                            "ingress.1439607062.protocol": "tcp",
                            "ingress.1439607062.security_groups.#": "0",
                            "ingress.1439607062.self": "false",
                            "ingress.1439607062.to_port": "22",
                            "ingress.2625911095.cidr_blocks.#": "4",
                            "ingress.2625911095.cidr_blocks.0": "10.0.1.0/24",
                            "ingress.2625911095.cidr_blocks.1": "10.0.2.0/24",
                            "ingress.2625911095.cidr_blocks.2": "10.0.3.0/24",
                            "ingress.2625911095.cidr_blocks.3": "10.0.4.0/24",
                            "ingress.2625911095.description": "",
                            "ingress.2625911095.from_port": "8088",
                            "ingress.2625911095.ipv6_cidr_blocks.#": "0",
                            "ingress.2625911095.prefix_list_ids.#": "0",
                            "ingress.2625911095.protocol": "tcp",
                            "ingress.2625911095.security_groups.#": "0",
                            "ingress.2625911095.self": "false",
                            "ingress.2625911095.to_port": "8088",
                            "name": "ksql-server",
                            "owner_id": "522181617057",
                            "revoke_rules_on_delete": "false",
                            "tags.%": "0",
                            "vpc_id": "vpc-0de47c8d970cf162e"
                        },
                        "meta": {
                            "e2bfb730-ecaa-11e6-8f88-34363bc7c4c0": {
                                "create": 600000000000,
                                "delete": 600000000000
                            },
                            "schema_version": "1"
                        },
                        "tainted": false
                    },
                    "deposed": [],
                    "provider": "provider.aws"
                },
                "aws_security_group.load_balancer": {
                    "type": "aws_security_group",
                    "depends_on": [
                        "aws_vpc.default"
                    ],
                    "primary": {
                        "id": "sg-04fdecb3a8ed1c5ce",
                        "attributes": {
                            "arn": "arn:aws:ec2:us-east-1:522181617057:security-group/sg-04fdecb3a8ed1c5ce",
                            "description": "Load Balancer",
                            "egress.#": "1",
                            "egress.482069346.cidr_blocks.#": "1",
                            "egress.482069346.cidr_blocks.0": "0.0.0.0/0",
                            "egress.482069346.description": "",
                            "egress.482069346.from_port": "0",
                            "egress.482069346.ipv6_cidr_blocks.#": "0",
                            "egress.482069346.prefix_list_ids.#": "0",
                            "egress.482069346.protocol": "-1",
                            "egress.482069346.security_groups.#": "0",
                            "egress.482069346.self": "false",
                            "egress.482069346.to_port": "0",
                            "id": "sg-04fdecb3a8ed1c5ce",
                            "ingress.#": "1",
                            "ingress.2214680975.cidr_blocks.#": "1",
                            "ingress.2214680975.cidr_blocks.0": "0.0.0.0/0",
                            "ingress.2214680975.description": "",
                            "ingress.2214680975.from_port": "80",
                            "ingress.2214680975.ipv6_cidr_blocks.#": "0",
                            "ingress.2214680975.prefix_list_ids.#": "0",
                            "ingress.2214680975.protocol": "tcp",
                            "ingress.2214680975.security_groups.#": "0",
                            "ingress.2214680975.self": "false",
                            "ingress.2214680975.to_port": "80",
                            "name": "load-balancer",
                            "owner_id": "522181617057",
                            "revoke_rules_on_delete": "false",
                            "tags.%": "0",
                            "vpc_id": "vpc-0de47c8d970cf162e"
                        },
                        "meta": {
                            "e2bfb730-ecaa-11e6-8f88-34363bc7c4c0": {
                                "create": 600000000000,
                                "delete": 600000000000
                            },
                            "schema_version": "1"
                        },
                        "tainted": false
                    },
                    "deposed": [],
                    "provider": "provider.aws"
                },
                "aws_security_group.rest_proxy": {
                    "type": "aws_security_group",
                    "depends_on": [
                        "aws_vpc.default"
                    ],
                    "primary": {
                        "id": "sg-01544033229fbd6e3",
                        "attributes": {
                            "arn": "arn:aws:ec2:us-east-1:522181617057:security-group/sg-01544033229fbd6e3",
                            "description": "REST Proxy",
                            "egress.#": "1",
                            "egress.482069346.cidr_blocks.#": "1",
                            "egress.482069346.cidr_blocks.0": "0.0.0.0/0",
                            "egress.482069346.description": "",
                            "egress.482069346.from_port": "0",
                            "egress.482069346.ipv6_cidr_blocks.#": "0",
                            "egress.482069346.prefix_list_ids.#": "0",
                            "egress.482069346.protocol": "-1",
                            "egress.482069346.security_groups.#": "0",
                            "egress.482069346.self": "false",
                            "egress.482069346.to_port": "0",
                            "id": "sg-01544033229fbd6e3",
                            "ingress.#": "2",
                            "ingress.1439607062.cidr_blocks.#": "1",
                            "ingress.1439607062.cidr_blocks.0": "10.0.5.0/24",
                            "ingress.1439607062.description": "",
                            "ingress.1439607062.from_port": "22",
                            "ingress.1439607062.ipv6_cidr_blocks.#": "0",
                            "ingress.1439607062.prefix_list_ids.#": "0",
                            "ingress.1439607062.protocol": "tcp",
                            "ingress.1439607062.security_groups.#": "0",
                            "ingress.1439607062.self": "false",
                            "ingress.1439607062.to_port": "22",
                            "ingress.883583086.cidr_blocks.#": "4",
                            "ingress.883583086.cidr_blocks.0": "10.0.1.0/24",
                            "ingress.883583086.cidr_blocks.1": "10.0.2.0/24",
                            "ingress.883583086.cidr_blocks.2": "10.0.3.0/24",
                            "ingress.883583086.cidr_blocks.3": "10.0.4.0/24",
                            "ingress.883583086.description": "",
                            "ingress.883583086.from_port": "8082",
                            "ingress.883583086.ipv6_cidr_blocks.#": "0",
                            "ingress.883583086.prefix_list_ids.#": "0",
                            "ingress.883583086.protocol": "tcp",
                            "ingress.883583086.security_groups.#": "0",
                            "ingress.883583086.self": "false",
                            "ingress.883583086.to_port": "8082",
                            "name": "rest-proxy",
                            "owner_id": "522181617057",
                            "revoke_rules_on_delete": "false",
                            "tags.%": "0",
                            "vpc_id": "vpc-0de47c8d970cf162e"
                        },
                        "meta": {
                            "e2bfb730-ecaa-11e6-8f88-34363bc7c4c0": {
                                "create": 600000000000,
                                "delete": 600000000000
                            },
                            "schema_version": "1"
                        },
                        "tainted": false
                    },
                    "deposed": [],
                    "provider": "provider.aws"
                },
                "aws_security_group.schema_registry": {
                    "type": "aws_security_group",
                    "depends_on": [
                        "aws_vpc.default"
                    ],
                    "primary": {
                        "id": "sg-010e7020c0f67f5e8",
                        "attributes": {
                            "arn": "arn:aws:ec2:us-east-1:522181617057:security-group/sg-010e7020c0f67f5e8",
                            "description": "Schema Registry",
                            "egress.#": "1",
                            "egress.482069346.cidr_blocks.#": "1",
                            "egress.482069346.cidr_blocks.0": "0.0.0.0/0",
                            "egress.482069346.description": "",
                            "egress.482069346.from_port": "0",
                            "egress.482069346.ipv6_cidr_blocks.#": "0",
                            "egress.482069346.prefix_list_ids.#": "0",
                            "egress.482069346.protocol": "-1",
                            "egress.482069346.security_groups.#": "0",
                            "egress.482069346.self": "false",
                            "egress.482069346.to_port": "0",
                            "id": "sg-010e7020c0f67f5e8",
                            "ingress.#": "2",
                            "ingress.1439607062.cidr_blocks.#": "1",
                            "ingress.1439607062.cidr_blocks.0": "10.0.5.0/24",
                            "ingress.1439607062.description": "",
                            "ingress.1439607062.from_port": "22",
                            "ingress.1439607062.ipv6_cidr_blocks.#": "0",
                            "ingress.1439607062.prefix_list_ids.#": "0",
                            "ingress.1439607062.protocol": "tcp",
                            "ingress.1439607062.security_groups.#": "0",
                            "ingress.1439607062.self": "false",
                            "ingress.1439607062.to_port": "22",
                            "ingress.3940551893.cidr_blocks.#": "4",
                            "ingress.3940551893.cidr_blocks.0": "10.0.1.0/24",
                            "ingress.3940551893.cidr_blocks.1": "10.0.2.0/24",
                            "ingress.3940551893.cidr_blocks.2": "10.0.3.0/24",
                            "ingress.3940551893.cidr_blocks.3": "10.0.4.0/24",
                            "ingress.3940551893.description": "",
                            "ingress.3940551893.from_port": "8081",
                            "ingress.3940551893.ipv6_cidr_blocks.#": "0",
                            "ingress.3940551893.prefix_list_ids.#": "0",
                            "ingress.3940551893.protocol": "tcp",
                            "ingress.3940551893.security_groups.#": "0",
                            "ingress.3940551893.self": "false",
                            "ingress.3940551893.to_port": "8081",
                            "name": "schema-registry",
                            "owner_id": "522181617057",
                            "revoke_rules_on_delete": "false",
                            "tags.%": "0",
                            "vpc_id": "vpc-0de47c8d970cf162e"
                        },
                        "meta": {
                            "e2bfb730-ecaa-11e6-8f88-34363bc7c4c0": {
                                "create": 600000000000,
                                "delete": 600000000000
                            },
                            "schema_version": "1"
                        },
                        "tainted": false
                    },
                    "deposed": [],
                    "provider": "provider.aws"
                },
                "aws_subnet.private_subnet_1": {
                    "type": "aws_subnet",
                    "depends_on": [
                        "aws_vpc.default"
                    ],
                    "primary": {
                        "id": "subnet-089b7e3f053a3226f",
                        "attributes": {
                            "arn": "arn:aws:ec2:us-east-1:522181617057:subnet/subnet-089b7e3f053a3226f",
                            "assign_ipv6_address_on_creation": "false",
                            "availability_zone": "us-east-1a",
                            "cidr_block": "10.0.1.0/24",
                            "id": "subnet-089b7e3f053a3226f",
                            "map_public_ip_on_launch": "false",
                            "tags.%": "1",
                            "tags.Name": "private-subnet",
                            "vpc_id": "vpc-0de47c8d970cf162e"
                        },
                        "meta": {
                            "e2bfb730-ecaa-11e6-8f88-34363bc7c4c0": {
                                "create": 600000000000,
                                "delete": 600000000000
                            },
                            "schema_version": "1"
                        },
                        "tainted": false
                    },
                    "deposed": [],
                    "provider": "provider.aws"
                },
                "aws_subnet.private_subnet_2": {
                    "type": "aws_subnet",
                    "depends_on": [
                        "aws_vpc.default"
                    ],
                    "primary": {
                        "id": "subnet-0a0dcde8541659762",
                        "attributes": {
                            "arn": "arn:aws:ec2:us-east-1:522181617057:subnet/subnet-0a0dcde8541659762",
                            "assign_ipv6_address_on_creation": "false",
                            "availability_zone": "us-east-1b",
                            "cidr_block": "10.0.2.0/24",
                            "id": "subnet-0a0dcde8541659762",
                            "map_public_ip_on_launch": "false",
                            "tags.%": "1",
                            "tags.Name": "private-subnet",
                            "vpc_id": "vpc-0de47c8d970cf162e"
                        },
                        "meta": {
                            "e2bfb730-ecaa-11e6-8f88-34363bc7c4c0": {
                                "create": 600000000000,
                                "delete": 600000000000
                            },
                            "schema_version": "1"
                        },
                        "tainted": false
                    },
                    "deposed": [],
                    "provider": "provider.aws"
                },
                "aws_subnet.public_subnet_1": {
                    "type": "aws_subnet",
                    "depends_on": [
                        "aws_vpc.default"
                    ],
                    "primary": {
                        "id": "subnet-01712c61207c44852",
                        "attributes": {
                            "arn": "arn:aws:ec2:us-east-1:522181617057:subnet/subnet-01712c61207c44852",
                            "assign_ipv6_address_on_creation": "false",
                            "availability_zone": "us-east-1a",
                            "cidr_block": "10.0.3.0/24",
                            "id": "subnet-01712c61207c44852",
                            "map_public_ip_on_launch": "true",
                            "tags.%": "1",
                            "tags.Name": "public-subnet",
                            "vpc_id": "vpc-0de47c8d970cf162e"
                        },
                        "meta": {
                            "e2bfb730-ecaa-11e6-8f88-34363bc7c4c0": {
                                "create": 600000000000,
                                "delete": 600000000000
                            },
                            "schema_version": "1"
                        },
                        "tainted": false
                    },
                    "deposed": [],
                    "provider": "provider.aws"
                },
                "aws_subnet.public_subnet_2": {
                    "type": "aws_subnet",
                    "depends_on": [
                        "aws_vpc.default"
                    ],
                    "primary": {
                        "id": "subnet-0760ec832087a3fa3",
                        "attributes": {
                            "arn": "arn:aws:ec2:us-east-1:522181617057:subnet/subnet-0760ec832087a3fa3",
                            "assign_ipv6_address_on_creation": "false",
                            "availability_zone": "us-east-1b",
                            "cidr_block": "10.0.4.0/24",
                            "id": "subnet-0760ec832087a3fa3",
                            "map_public_ip_on_launch": "true",
                            "tags.%": "1",
                            "tags.Name": "public-subnet",
                            "vpc_id": "vpc-0de47c8d970cf162e"
                        },
                        "meta": {
                            "e2bfb730-ecaa-11e6-8f88-34363bc7c4c0": {
                                "create": 600000000000,
                                "delete": 600000000000
                            },
                            "schema_version": "1"
                        },
                        "tainted": false
                    },
                    "deposed": [],
                    "provider": "provider.aws"
                },
                "aws_vpc.default": {
                    "type": "aws_vpc",
                    "depends_on": [],
                    "primary": {
                        "id": "vpc-0de47c8d970cf162e",
                        "attributes": {
                            "arn": "arn:aws:ec2:us-east-1:522181617057:vpc/vpc-0de47c8d970cf162e",
                            "assign_generated_ipv6_cidr_block": "false",
                            "cidr_block": "10.0.0.0/16",
                            "default_network_acl_id": "acl-0dc05abd3512be52d",
                            "default_route_table_id": "rtb-09e5441b4be4a19f8",
                            "default_security_group_id": "sg-01f4323e3f3ae1ff2",
                            "dhcp_options_id": "dopt-a5c05cde",
                            "enable_classiclink": "false",
                            "enable_classiclink_dns_support": "false",
                            "enable_dns_hostnames": "false",
                            "enable_dns_support": "true",
                            "id": "vpc-0de47c8d970cf162e",
                            "instance_tenancy": "default",
                            "main_route_table_id": "rtb-09e5441b4be4a19f8",
                            "tags.%": "1",
                            "tags.Name": "ccloud-tools"
                        },
                        "meta": {
                            "schema_version": "1"
                        },
                        "tainted": false
                    },
                    "deposed": [],
                    "provider": "provider.aws"
                },
                "data.aws_subnet_ids.private": {
                    "type": "aws_subnet_ids",
                    "depends_on": [
                        "aws_vpc.default"
                    ],
                    "primary": {
                        "id": "vpc-0de47c8d970cf162e",
                        "attributes": {
                            "filter.#": "1",
                            "filter.2078463100.name": "tag:Name",
                            "filter.2078463100.values.#": "1",
                            "filter.2078463100.values.2294295475": "private-subnet",
                            "id": "vpc-0de47c8d970cf162e",
                            "ids.#": "2",
                            "ids.3804588668": "subnet-089b7e3f053a3226f",
                            "ids.783419675": "subnet-0a0dcde8541659762",
                            "vpc_id": "vpc-0de47c8d970cf162e"
                        },
                        "meta": {},
                        "tainted": false
                    },
                    "deposed": [],
                    "provider": "provider.aws"
                },
                "data.template_file.control_center_bootstrap": {
                    "type": "template_file",
                    "depends_on": [
                        "data.template_file.control_center_properties"
                    ],
                    "primary": {
                        "id": "b6c62e1c4ea9cf8ba9572696c86abe79bbe9146888b06184f6b1db9bb394474f",
                        "attributes": {
                            "id": "b6c62e1c4ea9cf8ba9572696c86abe79bbe9146888b06184f6b1db9bb394474f",
                            "rendered": "#!/bin/bash\n\n########### Update and Install ###########\n\nyum update -y\nyum install java-1.8.0-openjdk-devel.x86_64 -y\n\n########### Initial Bootstrap ###########\n\ncd /home/ec2-user\nwget http://packages.confluent.io/archive/5.0/confluent-5.0.0-2.11.zip\nunzip confluent-5.0.0-2.11.zip\nmkdir /etc/confluent\nmv confluent-5.0.0 /etc/confluent\nmkdir /etc/confluent/confluent-5.0.0/data\n\n########### Generating Props File ###########\n\ncd /etc/confluent/confluent-5.0.0/etc/confluent-control-center\n\ncat \u003e c3-ccloud.properties \u003c\u003c- \"EOF\"\nbootstrap.servers=\u003cCONFLUENT_CLOUD_BOOTSTRAP_SERVERS\u003e\nconfluent.controlcenter.streams.security.protocol=SASL_SSL\nconfluent.controlcenter.streams.sasl.mechanism=PLAIN\nconfluent.controlcenter.streams.sasl.jaas.config=org.apache.kafka.common.security.plain.PlainLoginModule required \\\n  username=\"\u003cYOUR_CONFLUENT_CLOUD_ACCESS_KEY\u003e\" \\\n  password=\"\u003cYOUR_CONFLUENT_CLOUD_SECRET_KEY\u003e\";\nconfluent.controlcenter.streams.ssl.endpoint.identification.algorithm=https\n\nconfluent.monitoring.interceptor.security.protocol=SASL_SSL\nconfluent.monitoring.interceptor.sasl.mechanism=PLAIN\nconfluent.monitoring.interceptor.sasl.jaas.config=org.apache.kafka.common.security.plain.PlainLoginModule required username=\"\u003cYOUR_CONFLUENT_CLOUD_ACCESS_KEY\u003e\" password=\"\u003cYOUR_CONFLUENT_CLOUD_SECRET_KEY\u003e\";\nconfluent.monitoring.interceptor.ssl.endpoint.identification.algorithm=https\n\nconfluent.controlcenter.data.dir=/etc/confluent/confluent-5.0.0/data\nconfluent.controlcenter.schema.registry.url=http://10.0.2.253:8081\nconfluent.controlcenter.connect.cluster=\nconfluent.controlcenter.ksql.url=\n\nEOF\n\n############# Change Ownership ##############\n\nchown -R ec2-user:ec2-user /etc/confluent\n\n########### Creating the Service ############\n\ncd /lib/systemd/system\n\ncat \u003e control-center.service \u003c\u003c- \"EOF\"\n[Unit]\nDescription=Confluent Control Center\n\n[Service]\nType=simple\nRestart=always\nRestartSec=1\nUser=ec2-user\nExecStart=/etc/confluent/confluent-5.0.0/bin/control-center-start /etc/confluent/confluent-5.0.0/etc/confluent-control-center/c3-ccloud.properties\nExecStop=/etc/confluent/confluent-5.0.0/bin/control-center-stop /etc/confluent/confluent-5.0.0/etc/confluent-control-center/c3-ccloud.properties\n\n[Install]\nWantedBy=multi-user.target\nEOF\n\n########### Enable and Start ###########\n\nsystemctl enable control-center\nsystemctl start control-center",
                            "template": "#!/bin/bash\n\n########### Update and Install ###########\n\nyum update -y\nyum install java-1.8.0-openjdk-devel.x86_64 -y\n\n########### Initial Bootstrap ###########\n\ncd /home/ec2-user\nwget ${confluent_platform_location}\nunzip confluent-5.0.0-2.11.zip\nmkdir /etc/confluent\nmv confluent-5.0.0 /etc/confluent\nmkdir /etc/confluent/confluent-5.0.0/data\n\n########### Generating Props File ###########\n\ncd /etc/confluent/confluent-5.0.0/etc/confluent-control-center\n\ncat \u003e c3-ccloud.properties \u003c\u003c- \"EOF\"\n${control_center_properties}\nEOF\n\n############# Change Ownership ##############\n\nchown -R ec2-user:ec2-user /etc/confluent\n\n########### Creating the Service ############\n\ncd /lib/systemd/system\n\ncat \u003e control-center.service \u003c\u003c- \"EOF\"\n[Unit]\nDescription=Confluent Control Center\n\n[Service]\nType=simple\nRestart=always\nRestartSec=1\nUser=ec2-user\nExecStart=/etc/confluent/confluent-5.0.0/bin/control-center-start /etc/confluent/confluent-5.0.0/etc/confluent-control-center/c3-ccloud.properties\nExecStop=/etc/confluent/confluent-5.0.0/bin/control-center-stop /etc/confluent/confluent-5.0.0/etc/confluent-control-center/c3-ccloud.properties\n\n[Install]\nWantedBy=multi-user.target\nEOF\n\n########### Enable and Start ###########\n\nsystemctl enable control-center\nsystemctl start control-center",
                            "vars.%": "2",
                            "vars.confluent_platform_location": "http://packages.confluent.io/archive/5.0/confluent-5.0.0-2.11.zip",
                            "vars.control_center_properties": "bootstrap.servers=\u003cCONFLUENT_CLOUD_BOOTSTRAP_SERVERS\u003e\nconfluent.controlcenter.streams.security.protocol=SASL_SSL\nconfluent.controlcenter.streams.sasl.mechanism=PLAIN\nconfluent.controlcenter.streams.sasl.jaas.config=org.apache.kafka.common.security.plain.PlainLoginModule required \\\n  username=\"\u003cYOUR_CONFLUENT_CLOUD_ACCESS_KEY\u003e\" \\\n  password=\"\u003cYOUR_CONFLUENT_CLOUD_SECRET_KEY\u003e\";\nconfluent.controlcenter.streams.ssl.endpoint.identification.algorithm=https\n\nconfluent.monitoring.interceptor.security.protocol=SASL_SSL\nconfluent.monitoring.interceptor.sasl.mechanism=PLAIN\nconfluent.monitoring.interceptor.sasl.jaas.config=org.apache.kafka.common.security.plain.PlainLoginModule required username=\"\u003cYOUR_CONFLUENT_CLOUD_ACCESS_KEY\u003e\" password=\"\u003cYOUR_CONFLUENT_CLOUD_SECRET_KEY\u003e\";\nconfluent.monitoring.interceptor.ssl.endpoint.identification.algorithm=https\n\nconfluent.controlcenter.data.dir=/etc/confluent/confluent-5.0.0/data\nconfluent.controlcenter.schema.registry.url=http://10.0.2.253:8081\nconfluent.controlcenter.connect.cluster=\nconfluent.controlcenter.ksql.url=\n"
                        },
                        "meta": {},
                        "tainted": false
                    },
                    "deposed": [],
                    "provider": "provider.template"
                },
                "data.template_file.control_center_properties": {
                    "type": "template_file",
                    "depends_on": [
                        "aws_instance.kafka_connect.*",
                        "aws_instance.ksql_server.*",
                        "aws_instance.schema_registry.*"
                    ],
                    "primary": {
                        "id": "d021fcf12eadb259f9b8d60088e01700e2a3923a5e78b0d3f8931fb47d5903d6",
                        "attributes": {
                            "id": "d021fcf12eadb259f9b8d60088e01700e2a3923a5e78b0d3f8931fb47d5903d6",
                            "rendered": "bootstrap.servers=\u003cCONFLUENT_CLOUD_BOOTSTRAP_SERVERS\u003e\nconfluent.controlcenter.streams.security.protocol=SASL_SSL\nconfluent.controlcenter.streams.sasl.mechanism=PLAIN\nconfluent.controlcenter.streams.sasl.jaas.config=org.apache.kafka.common.security.plain.PlainLoginModule required \\\n  username=\"\u003cYOUR_CONFLUENT_CLOUD_ACCESS_KEY\u003e\" \\\n  password=\"\u003cYOUR_CONFLUENT_CLOUD_SECRET_KEY\u003e\";\nconfluent.controlcenter.streams.ssl.endpoint.identification.algorithm=https\n\nconfluent.monitoring.interceptor.security.protocol=SASL_SSL\nconfluent.monitoring.interceptor.sasl.mechanism=PLAIN\nconfluent.monitoring.interceptor.sasl.jaas.config=org.apache.kafka.common.security.plain.PlainLoginModule required username=\"\u003cYOUR_CONFLUENT_CLOUD_ACCESS_KEY\u003e\" password=\"\u003cYOUR_CONFLUENT_CLOUD_SECRET_KEY\u003e\";\nconfluent.monitoring.interceptor.ssl.endpoint.identification.algorithm=https\n\nconfluent.controlcenter.data.dir=/etc/confluent/confluent-5.0.0/data\nconfluent.controlcenter.schema.registry.url=http://10.0.2.253:8081\nconfluent.controlcenter.connect.cluster=\nconfluent.controlcenter.ksql.url=\n",
                            "template": "bootstrap.servers=${bootstrap_servers}\nconfluent.controlcenter.streams.security.protocol=SASL_SSL\nconfluent.controlcenter.streams.sasl.mechanism=PLAIN\nconfluent.controlcenter.streams.sasl.jaas.config=org.apache.kafka.common.security.plain.PlainLoginModule required \\\n  username=\"${access_key}\" \\\n  password=\"${secret_key}\";\nconfluent.controlcenter.streams.ssl.endpoint.identification.algorithm=https\n\nconfluent.monitoring.interceptor.security.protocol=SASL_SSL\nconfluent.monitoring.interceptor.sasl.mechanism=PLAIN\nconfluent.monitoring.interceptor.sasl.jaas.config=org.apache.kafka.common.security.plain.PlainLoginModule required username=\"${access_key}\" password=\"${secret_key}\";\nconfluent.monitoring.interceptor.ssl.endpoint.identification.algorithm=https\n\nconfluent.controlcenter.data.dir=/etc/confluent/confluent-5.0.0/data\nconfluent.controlcenter.schema.registry.url=${schema_registry_url}\nconfluent.controlcenter.connect.cluster=${kafka_connect_url}\nconfluent.controlcenter.ksql.url=${ksql_server_url}\n",
                            "vars.%": "6",
                            "vars.access_key": "\u003cYOUR_CONFLUENT_CLOUD_ACCESS_KEY\u003e",
                            "vars.bootstrap_servers": "\u003cCONFLUENT_CLOUD_BOOTSTRAP_SERVERS\u003e",
                            "vars.kafka_connect_url": "",
                            "vars.ksql_server_url": "",
                            "vars.schema_registry_url": "http://10.0.2.253:8081",
                            "vars.secret_key": "\u003cYOUR_CONFLUENT_CLOUD_SECRET_KEY\u003e"
                        },
                        "meta": {},
                        "tainted": false
                    },
                    "deposed": [],
                    "provider": "provider.template"
                },
                "data.template_file.kafka_connect_bootstrap": {
                    "type": "template_file",
                    "depends_on": [
                        "data.template_file.kafka_connect_properties"
                    ],
                    "primary": {
                        "id": "5c5e05031ba31c0b929200a4be453adb7cb5f3f2ab2ea499ed89f49298f78560",
                        "attributes": {
                            "id": "5c5e05031ba31c0b929200a4be453adb7cb5f3f2ab2ea499ed89f49298f78560",
                            "rendered": "#!/bin/bash\n\n########### Update and Install ###########\n\nyum update -y\nyum install java-1.8.0-openjdk-devel.x86_64 -y\n\n########### Initial Bootstrap ###########\n\ncd /home/ec2-user\nwget http://packages.confluent.io/archive/5.0/confluent-5.0.0-2.11.zip\nunzip confluent-5.0.0-2.11.zip\nmkdir /etc/confluent\nmv confluent-5.0.0 /etc/confluent\nmkdir /etc/confluent/confluent-5.0.0/etc/kafka-connect\n\n########### Generating Props File ###########\n\ncd /etc/confluent/confluent-5.0.0/etc/kafka-connect\n\ncat \u003e kafka-connect-ccloud.properties \u003c\u003c- \"EOF\"\nbootstrap.servers=\u003cCONFLUENT_CLOUD_BOOTSTRAP_SERVERS\u003e\ngroup.id=connect-cluster\n\nkey.converter=io.confluent.connect.avro.AvroConverter\nkey.converter.schema.registry.url=http://10.0.2.253:8081\nvalue.converter=io.confluent.connect.avro.AvroConverter\nvalue.converter.schema.registry.url=http://10.0.2.253:8081\nkey.converter.schemas.enable=true\nvalue.converter.schemas.enable=true\n\ninternal.key.converter=org.apache.kafka.connect.json.JsonConverter\ninternal.value.converter=org.apache.kafka.connect.json.JsonConverter\ninternal.key.converter.schemas.enable=false\ninternal.value.converter.schemas.enable=false\n\noffset.storage.topic=connect-offsets\noffset.storage.replication.factor=3\noffset.storage.partitions=3\n\nconfig.storage.topic=connect-configs\nconfig.storage.replication.factor=3\n\nstatus.storage.topic=connect-status\nstatus.storage.replication.factor=3\n\noffset.flush.interval.ms=10000\n\nssl.endpoint.identification.algorithm=https\nsasl.mechanism=PLAIN\nrequest.timeout.ms=20000\nretry.backoff.ms=500\nsasl.jaas.config=org.apache.kafka.common.security.plain.PlainLoginModule required \\\nusername=\"\u003cYOUR_CONFLUENT_CLOUD_ACCESS_KEY\u003e\" password=\"\u003cYOUR_CONFLUENT_CLOUD_SECRET_KEY\u003e\";\nsecurity.protocol=SASL_SSL\n\nconsumer.ssl.endpoint.identification.algorithm=https\nconsumer.sasl.mechanism=PLAIN\nconsumer.request.timeout.ms=20000\nconsumer.retry.backoff.ms=500\nconsumer.sasl.jaas.config=org.apache.kafka.common.security.plain.PlainLoginModule required \\\nusername=\"\u003cYOUR_CONFLUENT_CLOUD_ACCESS_KEY\u003e\" password=\"\u003cYOUR_CONFLUENT_CLOUD_SECRET_KEY\u003e\";\nconsumer.security.protocol=SASL_SSL\n\nproducer.ssl.endpoint.identification.algorithm=https\nproducer.sasl.mechanism=PLAIN\nproducer.request.timeout.ms=20000\nproducer.retry.backoff.ms=500\nproducer.sasl.jaas.config=org.apache.kafka.common.security.plain.PlainLoginModule required \\\nusername=\"\u003cYOUR_CONFLUENT_CLOUD_ACCESS_KEY\u003e\" password=\"\u003cYOUR_CONFLUENT_CLOUD_SECRET_KEY\u003e\";\nproducer.security.protocol=SASL_SSL\nEOF\n\n############# Change Ownership ##############\n\nchown -R ec2-user:ec2-user /etc/confluent\n\n########### Creating the Service ############\n\ncd /lib/systemd/system\n\ncat \u003e kafka-connect.service \u003c\u003c- \"EOF\"\n[Unit]\nDescription=Kafka Connect\n\n[Service]\nType=simple\nRestart=always\nRestartSec=1\nUser=ec2-user\nExecStart=/etc/confluent/confluent-5.0.0/bin/connect-distributed /etc/confluent/confluent-5.0.0/etc/kafka-connect/kafka-connect-ccloud.properties\n\n[Install]\nWantedBy=multi-user.target\nEOF\n\n########### Enable and Start ###########\n\nsystemctl enable kafka-connect\nsystemctl start kafka-connect",
                            "template": "#!/bin/bash\n\n########### Update and Install ###########\n\nyum update -y\nyum install java-1.8.0-openjdk-devel.x86_64 -y\n\n########### Initial Bootstrap ###########\n\ncd /home/ec2-user\nwget ${confluent_platform_location}\nunzip confluent-5.0.0-2.11.zip\nmkdir /etc/confluent\nmv confluent-5.0.0 /etc/confluent\nmkdir /etc/confluent/confluent-5.0.0/etc/kafka-connect\n\n########### Generating Props File ###########\n\ncd /etc/confluent/confluent-5.0.0/etc/kafka-connect\n\ncat \u003e kafka-connect-ccloud.properties \u003c\u003c- \"EOF\"\n${kafka_connect_properties}\nEOF\n\n############# Change Ownership ##############\n\nchown -R ec2-user:ec2-user /etc/confluent\n\n########### Creating the Service ############\n\ncd /lib/systemd/system\n\ncat \u003e kafka-connect.service \u003c\u003c- \"EOF\"\n[Unit]\nDescription=Kafka Connect\n\n[Service]\nType=simple\nRestart=always\nRestartSec=1\nUser=ec2-user\nExecStart=/etc/confluent/confluent-5.0.0/bin/connect-distributed /etc/confluent/confluent-5.0.0/etc/kafka-connect/kafka-connect-ccloud.properties\n\n[Install]\nWantedBy=multi-user.target\nEOF\n\n########### Enable and Start ###########\n\nsystemctl enable kafka-connect\nsystemctl start kafka-connect",
                            "vars.%": "2",
                            "vars.confluent_platform_location": "http://packages.confluent.io/archive/5.0/confluent-5.0.0-2.11.zip",
                            "vars.kafka_connect_properties": "bootstrap.servers=\u003cCONFLUENT_CLOUD_BOOTSTRAP_SERVERS\u003e\ngroup.id=connect-cluster\n\nkey.converter=io.confluent.connect.avro.AvroConverter\nkey.converter.schema.registry.url=http://10.0.2.253:8081\nvalue.converter=io.confluent.connect.avro.AvroConverter\nvalue.converter.schema.registry.url=http://10.0.2.253:8081\nkey.converter.schemas.enable=true\nvalue.converter.schemas.enable=true\n\ninternal.key.converter=org.apache.kafka.connect.json.JsonConverter\ninternal.value.converter=org.apache.kafka.connect.json.JsonConverter\ninternal.key.converter.schemas.enable=false\ninternal.value.converter.schemas.enable=false\n\noffset.storage.topic=connect-offsets\noffset.storage.replication.factor=3\noffset.storage.partitions=3\n\nconfig.storage.topic=connect-configs\nconfig.storage.replication.factor=3\n\nstatus.storage.topic=connect-status\nstatus.storage.replication.factor=3\n\noffset.flush.interval.ms=10000\n\nssl.endpoint.identification.algorithm=https\nsasl.mechanism=PLAIN\nrequest.timeout.ms=20000\nretry.backoff.ms=500\nsasl.jaas.config=org.apache.kafka.common.security.plain.PlainLoginModule required \\\nusername=\"\u003cYOUR_CONFLUENT_CLOUD_ACCESS_KEY\u003e\" password=\"\u003cYOUR_CONFLUENT_CLOUD_SECRET_KEY\u003e\";\nsecurity.protocol=SASL_SSL\n\nconsumer.ssl.endpoint.identification.algorithm=https\nconsumer.sasl.mechanism=PLAIN\nconsumer.request.timeout.ms=20000\nconsumer.retry.backoff.ms=500\nconsumer.sasl.jaas.config=org.apache.kafka.common.security.plain.PlainLoginModule required \\\nusername=\"\u003cYOUR_CONFLUENT_CLOUD_ACCESS_KEY\u003e\" password=\"\u003cYOUR_CONFLUENT_CLOUD_SECRET_KEY\u003e\";\nconsumer.security.protocol=SASL_SSL\n\nproducer.ssl.endpoint.identification.algorithm=https\nproducer.sasl.mechanism=PLAIN\nproducer.request.timeout.ms=20000\nproducer.retry.backoff.ms=500\nproducer.sasl.jaas.config=org.apache.kafka.common.security.plain.PlainLoginModule required \\\nusername=\"\u003cYOUR_CONFLUENT_CLOUD_ACCESS_KEY\u003e\" password=\"\u003cYOUR_CONFLUENT_CLOUD_SECRET_KEY\u003e\";\nproducer.security.protocol=SASL_SSL"
                        },
                        "meta": {},
                        "tainted": false
                    },
                    "deposed": [],
                    "provider": "provider.template"
                },
                "data.template_file.kafka_connect_properties": {
                    "type": "template_file",
                    "depends_on": [
                        "aws_instance.schema_registry.*"
                    ],
                    "primary": {
                        "id": "61eb240492eb9c2ad5a712088f29b82f9b15a1abfdd64e2d46ef6d35e40b28b9",
                        "attributes": {
                            "id": "61eb240492eb9c2ad5a712088f29b82f9b15a1abfdd64e2d46ef6d35e40b28b9",
                            "rendered": "bootstrap.servers=\u003cCONFLUENT_CLOUD_BOOTSTRAP_SERVERS\u003e\ngroup.id=connect-cluster\n\nkey.converter=io.confluent.connect.avro.AvroConverter\nkey.converter.schema.registry.url=http://10.0.2.253:8081\nvalue.converter=io.confluent.connect.avro.AvroConverter\nvalue.converter.schema.registry.url=http://10.0.2.253:8081\nkey.converter.schemas.enable=true\nvalue.converter.schemas.enable=true\n\ninternal.key.converter=org.apache.kafka.connect.json.JsonConverter\ninternal.value.converter=org.apache.kafka.connect.json.JsonConverter\ninternal.key.converter.schemas.enable=false\ninternal.value.converter.schemas.enable=false\n\noffset.storage.topic=connect-offsets\noffset.storage.replication.factor=3\noffset.storage.partitions=3\n\nconfig.storage.topic=connect-configs\nconfig.storage.replication.factor=3\n\nstatus.storage.topic=connect-status\nstatus.storage.replication.factor=3\n\noffset.flush.interval.ms=10000\n\nssl.endpoint.identification.algorithm=https\nsasl.mechanism=PLAIN\nrequest.timeout.ms=20000\nretry.backoff.ms=500\nsasl.jaas.config=org.apache.kafka.common.security.plain.PlainLoginModule required \\\nusername=\"\u003cYOUR_CONFLUENT_CLOUD_ACCESS_KEY\u003e\" password=\"\u003cYOUR_CONFLUENT_CLOUD_SECRET_KEY\u003e\";\nsecurity.protocol=SASL_SSL\n\nconsumer.ssl.endpoint.identification.algorithm=https\nconsumer.sasl.mechanism=PLAIN\nconsumer.request.timeout.ms=20000\nconsumer.retry.backoff.ms=500\nconsumer.sasl.jaas.config=org.apache.kafka.common.security.plain.PlainLoginModule required \\\nusername=\"\u003cYOUR_CONFLUENT_CLOUD_ACCESS_KEY\u003e\" password=\"\u003cYOUR_CONFLUENT_CLOUD_SECRET_KEY\u003e\";\nconsumer.security.protocol=SASL_SSL\n\nproducer.ssl.endpoint.identification.algorithm=https\nproducer.sasl.mechanism=PLAIN\nproducer.request.timeout.ms=20000\nproducer.retry.backoff.ms=500\nproducer.sasl.jaas.config=org.apache.kafka.common.security.plain.PlainLoginModule required \\\nusername=\"\u003cYOUR_CONFLUENT_CLOUD_ACCESS_KEY\u003e\" password=\"\u003cYOUR_CONFLUENT_CLOUD_SECRET_KEY\u003e\";\nproducer.security.protocol=SASL_SSL",
                            "template": "bootstrap.servers=${bootstrap_servers}\ngroup.id=connect-cluster\n\nkey.converter=io.confluent.connect.avro.AvroConverter\nkey.converter.schema.registry.url=${schema_registry_url}\nvalue.converter=io.confluent.connect.avro.AvroConverter\nvalue.converter.schema.registry.url=${schema_registry_url}\nkey.converter.schemas.enable=true\nvalue.converter.schemas.enable=true\n\ninternal.key.converter=org.apache.kafka.connect.json.JsonConverter\ninternal.value.converter=org.apache.kafka.connect.json.JsonConverter\ninternal.key.converter.schemas.enable=false\ninternal.value.converter.schemas.enable=false\n\noffset.storage.topic=connect-offsets\noffset.storage.replication.factor=3\noffset.storage.partitions=3\n\nconfig.storage.topic=connect-configs\nconfig.storage.replication.factor=3\n\nstatus.storage.topic=connect-status\nstatus.storage.replication.factor=3\n\noffset.flush.interval.ms=10000\n\nssl.endpoint.identification.algorithm=https\nsasl.mechanism=PLAIN\nrequest.timeout.ms=20000\nretry.backoff.ms=500\nsasl.jaas.config=org.apache.kafka.common.security.plain.PlainLoginModule required \\\nusername=\"${access_key}\" password=\"${secret_key}\";\nsecurity.protocol=SASL_SSL\n\nconsumer.ssl.endpoint.identification.algorithm=https\nconsumer.sasl.mechanism=PLAIN\nconsumer.request.timeout.ms=20000\nconsumer.retry.backoff.ms=500\nconsumer.sasl.jaas.config=org.apache.kafka.common.security.plain.PlainLoginModule required \\\nusername=\"${access_key}\" password=\"${secret_key}\";\nconsumer.security.protocol=SASL_SSL\n\nproducer.ssl.endpoint.identification.algorithm=https\nproducer.sasl.mechanism=PLAIN\nproducer.request.timeout.ms=20000\nproducer.retry.backoff.ms=500\nproducer.sasl.jaas.config=org.apache.kafka.common.security.plain.PlainLoginModule required \\\nusername=\"${access_key}\" password=\"${secret_key}\";\nproducer.security.protocol=SASL_SSL",
                            "vars.%": "4",
                            "vars.access_key": "\u003cYOUR_CONFLUENT_CLOUD_ACCESS_KEY\u003e",
                            "vars.bootstrap_servers": "\u003cCONFLUENT_CLOUD_BOOTSTRAP_SERVERS\u003e",
                            "vars.schema_registry_url": "http://10.0.2.253:8081",
                            "vars.secret_key": "\u003cYOUR_CONFLUENT_CLOUD_SECRET_KEY\u003e"
                        },
                        "meta": {},
                        "tainted": false
                    },
                    "deposed": [],
                    "provider": "provider.template"
                },
                "data.template_file.ksql_server_bootstrap": {
                    "type": "template_file",
                    "depends_on": [
                        "data.template_file.ksql_server_properties"
                    ],
                    "primary": {
                        "id": "85565b5e69cfc7881ed387a965992be57f54375b3761e35ee16243bb47e32351",
                        "attributes": {
                            "id": "85565b5e69cfc7881ed387a965992be57f54375b3761e35ee16243bb47e32351",
                            "rendered": "#!/bin/bash\n\n########### Update and Install ###########\n\nyum update -y\nyum install java-1.8.0-openjdk-devel.x86_64 -y\n\n########### Initial Bootstrap ###########\n\ncd /home/ec2-user\nwget http://packages.confluent.io/archive/5.0/confluent-5.0.0-2.11.zip\nunzip confluent-5.0.0-2.11.zip\nmkdir /etc/confluent\nmv confluent-5.0.0 /etc/confluent\nmkdir /etc/confluent/confluent-5.0.0/data\n\n########### Generating Props File ###########\n\ncd /etc/confluent/confluent-5.0.0/etc/ksql\n\ncat \u003e ksql-server-ccloud.properties \u003c\u003c- \"EOF\"\nksql.service.id=_ksql_server_\nbootstrap.servers=\u003cCONFLUENT_CLOUD_BOOTSTRAP_SERVERS\u003e\nksql.schema.registry.url=http://10.0.2.253:8081\nlisteners=http://0.0.0.0:8088\nsecurity.protocol=SASL_SSL\nsasl.mechanism=PLAIN\nsasl.jaas.config=\\\n    org.apache.kafka.common.security.plain.PlainLoginModule required \\\n    username=\"\u003cYOUR_CONFLUENT_CLOUD_ACCESS_KEY\u003e\" \\\n    password=\"\u003cYOUR_CONFLUENT_CLOUD_SECRET_KEY\u003e\";\n\nksql.streams.producer.retries=2147483647\nksql.streams.producer.confluent.batch.expiry.ms=9223372036854775807\nksql.streams.producer.request.timeout.ms=300000\nksql.streams.producer.max.block.ms=9223372036854775807\nksql.sink.replicas=3\nksql.streams.replication.factor=3\nksql.streams.state.dir=/etc/confluent/confluent-5.0.0/data\nksql.streams.num.standby.replicas=1\n\nproducer.interceptor.classes=io.confluent.monitoring.clients.interceptor.MonitoringProducerInterceptor\nconsumer.interceptor.classes=io.confluent.monitoring.clients.interceptor.MonitoringConsumerInterceptor\n\nEOF\n\n############# Change Ownership ##############\n\nchown -R ec2-user:ec2-user /etc/confluent\n\n########### Creating the Service ############\n\ncd /lib/systemd/system\n\ncat \u003e ksql-server.service \u003c\u003c- \"EOF\"\n[Unit]\nDescription=Confluent KSQL Server\nAfter=network.target\n\n[Service]\nType=simple\nRestart=always\nRestartSec=1\nUser=ec2-user\nExecStart=/etc/confluent/confluent-5.0.0/bin/ksql-server-start /etc/confluent/confluent-5.0.0/etc/ksql/ksql-server-ccloud.properties\nExecStop=/etc/confluent/confluent-5.0.0/bin/ksql-server-stop /etc/confluent/confluent-5.0.0/etc/ksql/ksql-server-ccloud.properties\n\n[Install]\nWantedBy=multi-user.target\nEOF\n\n########### Enable and Start ###########\n\nsystemctl enable ksql-server\nsystemctl start ksql-server\n",
                            "template": "#!/bin/bash\n\n########### Update and Install ###########\n\nyum update -y\nyum install java-1.8.0-openjdk-devel.x86_64 -y\n\n########### Initial Bootstrap ###########\n\ncd /home/ec2-user\nwget ${confluent_platform_location}\nunzip confluent-5.0.0-2.11.zip\nmkdir /etc/confluent\nmv confluent-5.0.0 /etc/confluent\nmkdir /etc/confluent/confluent-5.0.0/data\n\n########### Generating Props File ###########\n\ncd /etc/confluent/confluent-5.0.0/etc/ksql\n\ncat \u003e ksql-server-ccloud.properties \u003c\u003c- \"EOF\"\n${ksql_server_properties}\nEOF\n\n############# Change Ownership ##############\n\nchown -R ec2-user:ec2-user /etc/confluent\n\n########### Creating the Service ############\n\ncd /lib/systemd/system\n\ncat \u003e ksql-server.service \u003c\u003c- \"EOF\"\n[Unit]\nDescription=Confluent KSQL Server\nAfter=network.target\n\n[Service]\nType=simple\nRestart=always\nRestartSec=1\nUser=ec2-user\nExecStart=/etc/confluent/confluent-5.0.0/bin/ksql-server-start /etc/confluent/confluent-5.0.0/etc/ksql/ksql-server-ccloud.properties\nExecStop=/etc/confluent/confluent-5.0.0/bin/ksql-server-stop /etc/confluent/confluent-5.0.0/etc/ksql/ksql-server-ccloud.properties\n\n[Install]\nWantedBy=multi-user.target\nEOF\n\n########### Enable and Start ###########\n\nsystemctl enable ksql-server\nsystemctl start ksql-server\n",
                            "vars.%": "2",
                            "vars.confluent_platform_location": "http://packages.confluent.io/archive/5.0/confluent-5.0.0-2.11.zip",
                            "vars.ksql_server_properties": "ksql.service.id=_ksql_server_\nbootstrap.servers=\u003cCONFLUENT_CLOUD_BOOTSTRAP_SERVERS\u003e\nksql.schema.registry.url=http://10.0.2.253:8081\nlisteners=http://0.0.0.0:8088\nsecurity.protocol=SASL_SSL\nsasl.mechanism=PLAIN\nsasl.jaas.config=\\\n    org.apache.kafka.common.security.plain.PlainLoginModule required \\\n    username=\"\u003cYOUR_CONFLUENT_CLOUD_ACCESS_KEY\u003e\" \\\n    password=\"\u003cYOUR_CONFLUENT_CLOUD_SECRET_KEY\u003e\";\n\nksql.streams.producer.retries=2147483647\nksql.streams.producer.confluent.batch.expiry.ms=9223372036854775807\nksql.streams.producer.request.timeout.ms=300000\nksql.streams.producer.max.block.ms=9223372036854775807\nksql.sink.replicas=3\nksql.streams.replication.factor=3\nksql.streams.state.dir=/etc/confluent/confluent-5.0.0/data\nksql.streams.num.standby.replicas=1\n\nproducer.interceptor.classes=io.confluent.monitoring.clients.interceptor.MonitoringProducerInterceptor\nconsumer.interceptor.classes=io.confluent.monitoring.clients.interceptor.MonitoringConsumerInterceptor\n"
                        },
                        "meta": {},
                        "tainted": false
                    },
                    "deposed": [],
                    "provider": "provider.template"
                },
                "data.template_file.ksql_server_properties": {
                    "type": "template_file",
                    "depends_on": [
                        "aws_instance.schema_registry.*"
                    ],
                    "primary": {
                        "id": "f00e5afa520ccf8d7e798edeeb5bc1cf02f2385864515a8ea8c4aa37102dcba3",
                        "attributes": {
                            "id": "f00e5afa520ccf8d7e798edeeb5bc1cf02f2385864515a8ea8c4aa37102dcba3",
                            "rendered": "ksql.service.id=_ksql_server_\nbootstrap.servers=\u003cCONFLUENT_CLOUD_BOOTSTRAP_SERVERS\u003e\nksql.schema.registry.url=http://10.0.2.253:8081\nlisteners=http://0.0.0.0:8088\nsecurity.protocol=SASL_SSL\nsasl.mechanism=PLAIN\nsasl.jaas.config=\\\n    org.apache.kafka.common.security.plain.PlainLoginModule required \\\n    username=\"\u003cYOUR_CONFLUENT_CLOUD_ACCESS_KEY\u003e\" \\\n    password=\"\u003cYOUR_CONFLUENT_CLOUD_SECRET_KEY\u003e\";\n\nksql.streams.producer.retries=2147483647\nksql.streams.producer.confluent.batch.expiry.ms=9223372036854775807\nksql.streams.producer.request.timeout.ms=300000\nksql.streams.producer.max.block.ms=9223372036854775807\nksql.sink.replicas=3\nksql.streams.replication.factor=3\nksql.streams.state.dir=/etc/confluent/confluent-5.0.0/data\nksql.streams.num.standby.replicas=1\n\nproducer.interceptor.classes=io.confluent.monitoring.clients.interceptor.MonitoringProducerInterceptor\nconsumer.interceptor.classes=io.confluent.monitoring.clients.interceptor.MonitoringConsumerInterceptor\n",
                            "template": "ksql.service.id=_ksql_server_\nbootstrap.servers=${bootstrap_servers}\nksql.schema.registry.url=${schema_registry_url}\nlisteners=http://0.0.0.0:8088\nsecurity.protocol=SASL_SSL\nsasl.mechanism=PLAIN\nsasl.jaas.config=\\\n    org.apache.kafka.common.security.plain.PlainLoginModule required \\\n    username=\"${access_key}\" \\\n    password=\"${secret_key}\";\n\nksql.streams.producer.retries=2147483647\nksql.streams.producer.confluent.batch.expiry.ms=9223372036854775807\nksql.streams.producer.request.timeout.ms=300000\nksql.streams.producer.max.block.ms=9223372036854775807\nksql.sink.replicas=3\nksql.streams.replication.factor=3\nksql.streams.state.dir=/etc/confluent/confluent-5.0.0/data\nksql.streams.num.standby.replicas=1\n\nproducer.interceptor.classes=io.confluent.monitoring.clients.interceptor.MonitoringProducerInterceptor\nconsumer.interceptor.classes=io.confluent.monitoring.clients.interceptor.MonitoringConsumerInterceptor\n",
                            "vars.%": "4",
                            "vars.access_key": "\u003cYOUR_CONFLUENT_CLOUD_ACCESS_KEY\u003e",
                            "vars.bootstrap_servers": "\u003cCONFLUENT_CLOUD_BOOTSTRAP_SERVERS\u003e",
                            "vars.schema_registry_url": "http://10.0.2.253:8081",
                            "vars.secret_key": "\u003cYOUR_CONFLUENT_CLOUD_SECRET_KEY\u003e"
                        },
                        "meta": {},
                        "tainted": false
                    },
                    "deposed": [],
                    "provider": "provider.template"
                },
                "data.template_file.rest_proxy_bootstrap": {
                    "type": "template_file",
                    "depends_on": [
                        "data.template_file.rest_proxy_properties"
                    ],
                    "primary": {
                        "id": "eeb0fb9afe352405570cd8bb52b7fa1cbfefdbe160ae41d8f2b2848ed20b3212",
                        "attributes": {
                            "id": "eeb0fb9afe352405570cd8bb52b7fa1cbfefdbe160ae41d8f2b2848ed20b3212",
                            "rendered": "#!/bin/bash\n\n########### Update and Install ###########\n\nyum update -y\nyum install java-1.8.0-openjdk-devel.x86_64 -y\n\n########### Initial Bootstrap ###########\n\ncd /home/ec2-user\nwget http://packages.confluent.io/archive/5.0/confluent-5.0.0-2.11.zip\nunzip confluent-5.0.0-2.11.zip\nmkdir /etc/confluent\nmv confluent-5.0.0 /etc/confluent\n\n########### Generating Props File ###########\n\ncd /etc/confluent/confluent-5.0.0/etc/kafka-rest\n\ncat \u003e kafka-rest-ccloud.properties \u003c\u003c- \"EOF\"\nid=kafka-rest-with-ccloud\nbootstrap.servers=\u003cCONFLUENT_CLOUD_BOOTSTRAP_SERVERS\u003e\nclient.sasl.mechanism=PLAIN\nclient.sasl.jaas.config=org.apache.kafka.common.security.plain.PlainLoginModule required \\\nusername=\"\u003cYOUR_CONFLUENT_CLOUD_ACCESS_KEY\u003e\" password=\"\u003cYOUR_CONFLUENT_CLOUD_SECRET_KEY\u003e\";\nclient.security.protocol=SASL_SSL\nclient.ssl.endpoint.identification.algorithm=https\n\nconsumer.retry.backoff.ms=600\nconsumer.request.timeout.ms=25000\nproducer.acks=1\nadmin.request.timeout.ms=50000\n\nschema.registry.url=http://10.0.2.253:8081\nconsumer.interceptor.classes=io.confluent.monitoring.clients.interceptor.MonitoringConsumerInterceptor\nproducer.interceptor.classes=io.confluent.monitoring.clients.interceptor.MonitoringProducerInterceptor\n\nEOF\n\n############# Change Ownership ##############\n\nchown -R ec2-user:ec2-user /etc/confluent\n\n########### Creating the Service ############\n\ncd /lib/systemd/system\n\ncat \u003e kafka-rest.service \u003c\u003c- \"EOF\"\n[Unit]\nDescription=Confluent Kafka REST\nAfter=network.target\n\n[Service]\nType=simple\nRestart=always\nRestartSec=1\nUser=ec2-user\nExecStart=/etc/confluent/confluent-5.0.0/bin/kafka-rest-start /etc/confluent/confluent-5.0.0/etc/kafka-rest/kafka-rest-ccloud.properties\nExecStop=/etc/confluent/confluent-5.0.0/bin/kafka-rest-stop /etc/confluent/confluent-5.0.0/etc/kafka-rest/kafka-rest-ccloud.properties\n\n[Install]\nWantedBy=multi-user.target\nEOF\n\n########### Enable and Start ###########\n\nsystemctl enable kafka-rest\nsystemctl start kafka-rest",
                            "template": "#!/bin/bash\n\n########### Update and Install ###########\n\nyum update -y\nyum install java-1.8.0-openjdk-devel.x86_64 -y\n\n########### Initial Bootstrap ###########\n\ncd /home/ec2-user\nwget ${confluent_platform_location}\nunzip confluent-5.0.0-2.11.zip\nmkdir /etc/confluent\nmv confluent-5.0.0 /etc/confluent\n\n########### Generating Props File ###########\n\ncd /etc/confluent/confluent-5.0.0/etc/kafka-rest\n\ncat \u003e kafka-rest-ccloud.properties \u003c\u003c- \"EOF\"\n${rest_proxy_properties}\nEOF\n\n############# Change Ownership ##############\n\nchown -R ec2-user:ec2-user /etc/confluent\n\n########### Creating the Service ############\n\ncd /lib/systemd/system\n\ncat \u003e kafka-rest.service \u003c\u003c- \"EOF\"\n[Unit]\nDescription=Confluent Kafka REST\nAfter=network.target\n\n[Service]\nType=simple\nRestart=always\nRestartSec=1\nUser=ec2-user\nExecStart=/etc/confluent/confluent-5.0.0/bin/kafka-rest-start /etc/confluent/confluent-5.0.0/etc/kafka-rest/kafka-rest-ccloud.properties\nExecStop=/etc/confluent/confluent-5.0.0/bin/kafka-rest-stop /etc/confluent/confluent-5.0.0/etc/kafka-rest/kafka-rest-ccloud.properties\n\n[Install]\nWantedBy=multi-user.target\nEOF\n\n########### Enable and Start ###########\n\nsystemctl enable kafka-rest\nsystemctl start kafka-rest",
                            "vars.%": "2",
                            "vars.confluent_platform_location": "http://packages.confluent.io/archive/5.0/confluent-5.0.0-2.11.zip",
                            "vars.rest_proxy_properties": "id=kafka-rest-with-ccloud\nbootstrap.servers=\u003cCONFLUENT_CLOUD_BOOTSTRAP_SERVERS\u003e\nclient.sasl.mechanism=PLAIN\nclient.sasl.jaas.config=org.apache.kafka.common.security.plain.PlainLoginModule required \\\nusername=\"\u003cYOUR_CONFLUENT_CLOUD_ACCESS_KEY\u003e\" password=\"\u003cYOUR_CONFLUENT_CLOUD_SECRET_KEY\u003e\";\nclient.security.protocol=SASL_SSL\nclient.ssl.endpoint.identification.algorithm=https\n\nconsumer.retry.backoff.ms=600\nconsumer.request.timeout.ms=25000\nproducer.acks=1\nadmin.request.timeout.ms=50000\n\nschema.registry.url=http://10.0.2.253:8081\nconsumer.interceptor.classes=io.confluent.monitoring.clients.interceptor.MonitoringConsumerInterceptor\nproducer.interceptor.classes=io.confluent.monitoring.clients.interceptor.MonitoringProducerInterceptor\n"
                        },
                        "meta": {},
                        "tainted": false
                    },
                    "deposed": [],
                    "provider": "provider.template"
                },
                "data.template_file.rest_proxy_properties": {
                    "type": "template_file",
                    "depends_on": [
                        "aws_instance.schema_registry.*"
                    ],
                    "primary": {
                        "id": "926accbc5da72840f6fcdfba5d0e44aeea4ec383c3b29daa06bdc926b1ad5ff2",
                        "attributes": {
                            "id": "926accbc5da72840f6fcdfba5d0e44aeea4ec383c3b29daa06bdc926b1ad5ff2",
                            "rendered": "id=kafka-rest-with-ccloud\nbootstrap.servers=\u003cCONFLUENT_CLOUD_BOOTSTRAP_SERVERS\u003e\nclient.sasl.mechanism=PLAIN\nclient.sasl.jaas.config=org.apache.kafka.common.security.plain.PlainLoginModule required \\\nusername=\"\u003cYOUR_CONFLUENT_CLOUD_ACCESS_KEY\u003e\" password=\"\u003cYOUR_CONFLUENT_CLOUD_SECRET_KEY\u003e\";\nclient.security.protocol=SASL_SSL\nclient.ssl.endpoint.identification.algorithm=https\n\nconsumer.retry.backoff.ms=600\nconsumer.request.timeout.ms=25000\nproducer.acks=1\nadmin.request.timeout.ms=50000\n\nschema.registry.url=http://10.0.2.253:8081\nconsumer.interceptor.classes=io.confluent.monitoring.clients.interceptor.MonitoringConsumerInterceptor\nproducer.interceptor.classes=io.confluent.monitoring.clients.interceptor.MonitoringProducerInterceptor\n",
                            "template": "id=kafka-rest-with-ccloud\nbootstrap.servers=${bootstrap_servers}\nclient.sasl.mechanism=PLAIN\nclient.sasl.jaas.config=org.apache.kafka.common.security.plain.PlainLoginModule required \\\nusername=\"${access_key}\" password=\"${secret_key}\";\nclient.security.protocol=SASL_SSL\nclient.ssl.endpoint.identification.algorithm=https\n\nconsumer.retry.backoff.ms=600\nconsumer.request.timeout.ms=25000\nproducer.acks=1\nadmin.request.timeout.ms=50000\n\nschema.registry.url=${schema_registry_url}\nconsumer.interceptor.classes=io.confluent.monitoring.clients.interceptor.MonitoringConsumerInterceptor\nproducer.interceptor.classes=io.confluent.monitoring.clients.interceptor.MonitoringProducerInterceptor\n",
                            "vars.%": "4",
                            "vars.access_key": "\u003cYOUR_CONFLUENT_CLOUD_ACCESS_KEY\u003e",
                            "vars.bootstrap_servers": "\u003cCONFLUENT_CLOUD_BOOTSTRAP_SERVERS\u003e",
                            "vars.schema_registry_url": "http://10.0.2.253:8081",
                            "vars.secret_key": "\u003cYOUR_CONFLUENT_CLOUD_SECRET_KEY\u003e"
                        },
                        "meta": {},
                        "tainted": false
                    },
                    "deposed": [],
                    "provider": "provider.template"
                },
                "data.template_file.schema_registry_bootstrap": {
                    "type": "template_file",
                    "depends_on": [
                        "data.template_file.schema_registry_properties"
                    ],
                    "primary": {
                        "id": "6fa6c6a4a4a5cf9499043295eda04f06d8b2277e3aef61de037aa6005c9a495d",
                        "attributes": {
                            "id": "6fa6c6a4a4a5cf9499043295eda04f06d8b2277e3aef61de037aa6005c9a495d",
                            "rendered": "#!/bin/bash\n\n########### Update and Install ###########\n\nyum update -y\nyum install java-1.8.0-openjdk-devel.x86_64 -y\n\n########### Initial Bootstrap ###########\n\ncd /home/ec2-user\nwget http://packages.confluent.io/archive/5.0/confluent-5.0.0-2.11.zip\nunzip confluent-5.0.0-2.11.zip\nmkdir /etc/confluent\nmv confluent-5.0.0 /etc/confluent\n\n########### Generating Props File ###########\n\ncd /etc/confluent/confluent-5.0.0/etc/schema-registry\n\ncat \u003e schema-registry-ccloud.properties \u003c\u003c- \"EOF\"\nkafkastore.bootstrap.servers=SASL_SSL://\u003cCONFLUENT_CLOUD_BOOTSTRAP_SERVERS\u003e\nkafkastore.sasl.jaas.config=org.apache.kafka.common.security.plain.PlainLoginModule required username\\=\"\u003cYOUR_CONFLUENT_CLOUD_ACCESS_KEY\u003e\" password\\\n=\"\u003cYOUR_CONFLUENT_CLOUD_SECRET_KEY\u003e\";\n\nkafkastore.sasl.mechanism=PLAIN\nkafkastore.security.protocol=SASL_SSL\nkafkastore.topic=_schemas\n\nlisteners=http://0.0.0.0:8081\ndebug=false\n\nEOF\n\n############# Change Ownership ##############\n\nchown -R ec2-user:ec2-user /etc/confluent\n\n########### Creating the Service ############\n\ncd /lib/systemd/system\n\ncat \u003e schema-registry.service \u003c\u003c- \"EOF\"\n[Unit]\nDescription=Confluent Schema Registry\nAfter=network.target\n\n[Service]\nType=simple\nRestart=always\nRestartSec=1\nUser=ec2-user\nExecStart=/etc/confluent/confluent-5.0.0/bin/schema-registry-start /etc/confluent/confluent-5.0.0/etc/schema-registry/schema-registry-ccloud.properties\nExecStop=/etc/confluent/confluent-5.0.0/bin/schema-registry-stop /etc/confluent/confluent-5.0.0/etc/schema-registry/schema-registry-ccloud.properties\n\n[Install]\nWantedBy=multi-user.target\nEOF\n\n########### Enable and Start ###########\n\nsystemctl enable schema-registry\nsystemctl start schema-registry",
                            "template": "#!/bin/bash\n\n########### Update and Install ###########\n\nyum update -y\nyum install java-1.8.0-openjdk-devel.x86_64 -y\n\n########### Initial Bootstrap ###########\n\ncd /home/ec2-user\nwget ${confluent_platform_location}\nunzip confluent-5.0.0-2.11.zip\nmkdir /etc/confluent\nmv confluent-5.0.0 /etc/confluent\n\n########### Generating Props File ###########\n\ncd /etc/confluent/confluent-5.0.0/etc/schema-registry\n\ncat \u003e schema-registry-ccloud.properties \u003c\u003c- \"EOF\"\n${schema_registry_properties}\nEOF\n\n############# Change Ownership ##############\n\nchown -R ec2-user:ec2-user /etc/confluent\n\n########### Creating the Service ############\n\ncd /lib/systemd/system\n\ncat \u003e schema-registry.service \u003c\u003c- \"EOF\"\n[Unit]\nDescription=Confluent Schema Registry\nAfter=network.target\n\n[Service]\nType=simple\nRestart=always\nRestartSec=1\nUser=ec2-user\nExecStart=/etc/confluent/confluent-5.0.0/bin/schema-registry-start /etc/confluent/confluent-5.0.0/etc/schema-registry/schema-registry-ccloud.properties\nExecStop=/etc/confluent/confluent-5.0.0/bin/schema-registry-stop /etc/confluent/confluent-5.0.0/etc/schema-registry/schema-registry-ccloud.properties\n\n[Install]\nWantedBy=multi-user.target\nEOF\n\n########### Enable and Start ###########\n\nsystemctl enable schema-registry\nsystemctl start schema-registry",
                            "vars.%": "2",
                            "vars.confluent_platform_location": "http://packages.confluent.io/archive/5.0/confluent-5.0.0-2.11.zip",
                            "vars.schema_registry_properties": "kafkastore.bootstrap.servers=SASL_SSL://\u003cCONFLUENT_CLOUD_BOOTSTRAP_SERVERS\u003e\nkafkastore.sasl.jaas.config=org.apache.kafka.common.security.plain.PlainLoginModule required username\\=\"\u003cYOUR_CONFLUENT_CLOUD_ACCESS_KEY\u003e\" password\\\n=\"\u003cYOUR_CONFLUENT_CLOUD_SECRET_KEY\u003e\";\n\nkafkastore.sasl.mechanism=PLAIN\nkafkastore.security.protocol=SASL_SSL\nkafkastore.topic=_schemas\n\nlisteners=http://0.0.0.0:8081\ndebug=false\n"
                        },
                        "meta": {},
                        "tainted": false
                    },
                    "deposed": [],
                    "provider": "provider.template"
                },
                "data.template_file.schema_registry_properties": {
                    "type": "template_file",
                    "depends_on": [],
                    "primary": {
                        "id": "b1e0f6110712c6557ad894d27fc4e7bb8744787f1ad6d0b042dfdc8466b4d5a5",
                        "attributes": {
                            "id": "b1e0f6110712c6557ad894d27fc4e7bb8744787f1ad6d0b042dfdc8466b4d5a5",
                            "rendered": "kafkastore.bootstrap.servers=SASL_SSL://\u003cCONFLUENT_CLOUD_BOOTSTRAP_SERVERS\u003e\nkafkastore.sasl.jaas.config=org.apache.kafka.common.security.plain.PlainLoginModule required username\\=\"\u003cYOUR_CONFLUENT_CLOUD_ACCESS_KEY\u003e\" password\\\n=\"\u003cYOUR_CONFLUENT_CLOUD_SECRET_KEY\u003e\";\n\nkafkastore.sasl.mechanism=PLAIN\nkafkastore.security.protocol=SASL_SSL\nkafkastore.topic=_schemas\n\nlisteners=http://0.0.0.0:8081\ndebug=false\n",
                            "template": "kafkastore.bootstrap.servers=SASL_SSL://${bootstrap_servers}\nkafkastore.sasl.jaas.config=org.apache.kafka.common.security.plain.PlainLoginModule required username\\=\"${access_key}\" password\\\n=\"${secret_key}\";\n\nkafkastore.sasl.mechanism=PLAIN\nkafkastore.security.protocol=SASL_SSL\nkafkastore.topic=_schemas\n\nlisteners=http://0.0.0.0:8081\ndebug=false\n",
                            "vars.%": "3",
                            "vars.access_key": "\u003cYOUR_CONFLUENT_CLOUD_ACCESS_KEY\u003e",
                            "vars.bootstrap_servers": "\u003cCONFLUENT_CLOUD_BOOTSTRAP_SERVERS\u003e",
                            "vars.secret_key": "\u003cYOUR_CONFLUENT_CLOUD_SECRET_KEY\u003e"
                        },
                        "meta": {},
                        "tainted": false
                    },
                    "deposed": [],
                    "provider": "provider.template"
                },
                "tls_private_key.key_pair": {
                    "type": "tls_private_key",
                    "depends_on": [],
                    "primary": {
                        "id": "bc7a62b3b92d18ed4d348a9d1aa41f16cabf0bb6",
                        "attributes": {
                            "algorithm": "RSA",
                            "ecdsa_curve": "P224",
                            "id": "bc7a62b3b92d18ed4d348a9d1aa41f16cabf0bb6",
                            "private_key_pem": "-----BEGIN RSA PRIVATE KEY-----\nMIIJKAIBAAKCAgEArseEl2Ky6sIqTRYnlY4tCTafPiMGlzMd5YSjmjBVza63tWof\nqzLT25ISVTbOMnErYd8K9F+bVPHgg0eyUR74atbaFUi/QVv8KPlil4mAnudHwtnP\njFys6DR8r/BMDrNLA9i2rsHHwd44b3KkvFRQJ+1O1VXY+7HwEPgBUXe67Jgl1LUY\nzAPM1PfsQ3yhBYvR78agMEj8CzXR6j6ka+FrYeTVCgJr8+v4OlNJt1Ekq309hTZO\n8p7I7iPGtutpb88RcCpxObPQ+aj6+s5pseRU0r5f+oKexvvNsBmo92qQHtZOqdTh\n33RWo3EmcIhRZXQSyoh7WIRryLgPIbDaWRsxo/2IWsffeJBf1I30CZhwGmhbLhRv\n9Dmrtp4Hg7/4PCT8cYRzHTVQE0wk+tz8LiwQgT5ExsuPZLAnDmUBq5uD55s6IWCn\npP4REH42RSyfmZGz/ZSy8yKywo9ISndQBvSrLC8DlSc7Q4yR/NqeGQJrR0C3MB80\nuqozaniuMvqQ2MOUx23cOzy4b01n9V4u+1qWabLBxf8aIeC1i2w3At/Aatf20Ai8\npPERgL++3W2qgxV7LY+TzUgvsx7FG2VcgeyEEi2+lowCoZVUfTA9OWKWktFb65CI\nh31dtTRV+KyZVir6bHaGr8vofL1qiar1uIgUKy90R8KhBCy49Oxy/RlZBW0CAwEA\nAQKCAgAsph+DJN2cBzoTM0OtewKaRe/sSbpXSeGrTnUU4KAqySV5HME2VOe2QdyZ\nFEUcsbhpajc8MmhWDOxT3S76djTz5isUIN9q7Pq/5OWA3MmUznSQnF/e9ZXeQ/pO\nX86uOrNBKk2Q20QSjJhSMDFRQyCu8nqfGS0zL0OqshB0JWgFJOEVM6ZACAB9r1AV\n9XKVHiDlZhJqA1sP6hHUC2ipfo6WFYUu52t4hqGFFN3SDNKXVIkwzKziYhnmbBFJ\njV4ECBvmUZFXMk6CWN60z6JEpZXduHCAaHnzT0Q+Zm+5tOlYV1sFG7MQCIJRgohV\nWx2gE0TxpGgONtXqEssayjkdZksJs4PwmbpSOLdnC9k7x8QeLuD33A8EhnQkpm1R\nBHF+Tk76lHHIyp5Sc0Bqzy5Wjpl/7QB4pgZ1dBHkAZURjIGJOe5O3qay6IjXA6D3\nBjy3z/1RqleFNSyEk3PZnpOGlttoOBPB/t0/Pkbhz8ani8+u0okPCL8CLvqSewzl\n0sx2pA6R8s0DfWfiMVzzB55SssKaYtxxTmqmQ9rJuGc10u+TU/UT7HHaJw19KcFb\n60yt5+V3QVC/a/jVtW+zIS9EJkdiJErxB+uTxbqADUECOMqsj3jWq5qUm2lDTL2x\nEfPCZZyp88/XeGkE+dRLwbT6z6+u1AhYSE68waA0QCgt+lECAQKCAQEAy0MvoLv6\n+OFSfND/JQYQvtlXYaV+dlLjsfB22rl+CmGT43C4OU/nIomc5xFopgs/JKMUUktb\neTg+S2oAetam6CYI9xomnEx3ZrBBkF7CEUP9KjKINpOWsR/OrC4BE724RhSlmncD\nta62fK9bkEC01PRc6aVAXj2MnRcWYG0b8VyCwMiIrCSSlwpyv/eHixcKM1617fUG\n4uMhsuCYJ3qrn9+dzKGIAXIsHnWyfZSZQHJvZVvIrBUTwQ950Rp8Hcz8f8zX7fDs\nMDrxUeuTaaTpo4gwHL5/ekNT5ACrpB5rOQWS0S7UKmWvEv5Uf55xF0ueWhIgDmmK\nxV0wUqMWdtR0QQKCAQEA3CB3+rhFjNOukyqR0jBM1cWgjY821XjD1jGqPgv3JFdE\nNYJEvrp11yz/GiOQ4MF7IKD38qiQ9X92qAah5gEcrq6NOFKZlLDB4Xxe8JI4GUSU\nrn9S2Aii7E+cobz+WYLzWh3oga1Pt/e7k6hZ5Spg94WD4hJSqbZq7+/JFoLi04wA\nRjc6pbBHXM3sPSEfcw8+JB5IJAuPKfdFQJYlU9nhift9r/P9ZHNCSuJjKupwMx0A\nPXw8Eviuf/haGJREalKGgCWXToRFyDYNS1Ok57Z25n0vA5iboWVyj9YdPUBo1E52\nICHUty+ZipkjfjTONEj8VsmbwHbiclKYZ5cbx0MWLQKCAQEAmMkhzeI/HkDQbj3y\n63OJtstMIXvyeSKJQMGNtY9krIz4Syf5cisbhByIsi+lx9oAVpu2tL0sPwwF104Q\nmkUrJKkiaAtiJm5b+fZW8hwoKC5A6C0fslZyGSXdhhL2gE5Fa3gtmtQHF9QCG+r8\nGoxo4QHlrUKoBa6iOZqXGVgqftyY9CxIf4zmG16hLqbzXZut8Tsp6Xoa+QTd2cV0\n2Ygd5YiC5sQspVmazDKQPlEqeQULstaxGpilRqNJX+JWlVf2HGJvlM1Z3E8SAg/f\nuLNbY68E6zZOQCrHrkTKwAyVcEE+QLrAhDX2yYIfJeaE/4u5td6V9f9jbkNEBXnN\ncvjzgQKCAQAdNHWWnxIjMAaOYex83YmkJxc5ENIumlopNeenWcENYkKbctAaGfT+\nemrSFfvnxePHHXQoDrNEzwd4HYEnWehrSJ9V5KeZsaXXe7/A3TVyLMYpLJ1aKjMr\ndRiL4N5CE/yjbSpm4g6cktKhMYnTvL6muGEaAmJTP++KK98bDHx5oq56omM2jl+5\ncVyxc46PnmsZMadSmPICmFroycLkEBk7TFGNoapxxFT8SHLtw7LlJSjd/3ic779/\nHP0fG7TEAnTz1Yjwkt4LRRiYcN2FHJFD3UH6kSm8zQ/ZA4hXkw8Vc996PeLR9w/A\n8rZhzTG6gCByh0cRzvQWRN0RiVvXIRB1AoIBAD/CS0HRZyRA0B5wj72D6o67iVlm\nyw7r6gEUhfCIM9CaoXmtvT2atZfGSoyCVksSmKD5KYVJcYmAx1E7EOnf/oJoAxQc\npS5F+AcF2U+/muR4G4O3dipZMmk/pNRlweSLZlGoWFM1SgtIdtRCJBSpDYNdKxV5\nWc0IAklGOnDKCEqXE4PEgr/UPztpyXJoTJ4rMEa1qrwOFebqmZLd6ExK9Olptbh6\nXjgQUhzRZEV9Suk1fbce65W3n5M18lREdLzWRGVL+2dLsbu+ARa1Ubc1PPFwRc2I\nIPCN1bEmZwaFtTh0cEzx5Gfn93QQqRUjYok5E9ntXx0pzX6HYSqWyNSKXDw=\n-----END RSA PRIVATE KEY-----\n",
                            "public_key_fingerprint_md5": "f4:00:9b:d4:ed:e6:bb:a9:87:88:e5:20:b6:4e:99:03",
                            "public_key_openssh": "ssh-rsa AAAAB3NzaC1yc2EAAAADAQABAAACAQCux4SXYrLqwipNFieVji0JNp8+IwaXMx3lhKOaMFXNrre1ah+rMtPbkhJVNs4ycSth3wr0X5tU8eCDR7JRHvhq1toVSL9BW/wo+WKXiYCe50fC2c+MXKzoNHyv8EwOs0sD2LauwcfB3jhvcqS8VFAn7U7VVdj7sfAQ+AFRd7rsmCXUtRjMA8zU9+xDfKEFi9HvxqAwSPwLNdHqPqRr4Wth5NUKAmvz6/g6U0m3USSrfT2FNk7ynsjuI8a262lvzxFwKnE5s9D5qPr6zmmx5FTSvl/6gp7G+82wGaj3apAe1k6p1OHfdFajcSZwiFFldBLKiHtYhGvIuA8hsNpZGzGj/Yhax994kF/UjfQJmHAaaFsuFG/0Oau2ngeDv/g8JPxxhHMdNVATTCT63PwuLBCBPkTGy49ksCcOZQGrm4PnmzohYKek/hEQfjZFLJ+ZkbP9lLLzIrLCj0hKd1AG9KssLwOVJztDjJH82p4ZAmtHQLcwHzS6qjNqeK4y+pDYw5THbdw7PLhvTWf1Xi77WpZpssHF/xoh4LWLbDcC38Bq1/bQCLyk8RGAv77dbaqDFXstj5PNSC+zHsUbZVyB7IQSLb6WjAKhlVR9MD05YpaS0VvrkIiHfV21NFX4rJlWKvpsdoavy+h8vWqJqvW4iBQrL3RHwqEELLj07HL9GVkFbQ==\n",
                            "public_key_pem": "-----BEGIN PUBLIC KEY-----\nMIICIjANBgkqhkiG9w0BAQEFAAOCAg8AMIICCgKCAgEArseEl2Ky6sIqTRYnlY4t\nCTafPiMGlzMd5YSjmjBVza63tWofqzLT25ISVTbOMnErYd8K9F+bVPHgg0eyUR74\natbaFUi/QVv8KPlil4mAnudHwtnPjFys6DR8r/BMDrNLA9i2rsHHwd44b3KkvFRQ\nJ+1O1VXY+7HwEPgBUXe67Jgl1LUYzAPM1PfsQ3yhBYvR78agMEj8CzXR6j6ka+Fr\nYeTVCgJr8+v4OlNJt1Ekq309hTZO8p7I7iPGtutpb88RcCpxObPQ+aj6+s5pseRU\n0r5f+oKexvvNsBmo92qQHtZOqdTh33RWo3EmcIhRZXQSyoh7WIRryLgPIbDaWRsx\no/2IWsffeJBf1I30CZhwGmhbLhRv9Dmrtp4Hg7/4PCT8cYRzHTVQE0wk+tz8LiwQ\ngT5ExsuPZLAnDmUBq5uD55s6IWCnpP4REH42RSyfmZGz/ZSy8yKywo9ISndQBvSr\nLC8DlSc7Q4yR/NqeGQJrR0C3MB80uqozaniuMvqQ2MOUx23cOzy4b01n9V4u+1qW\nabLBxf8aIeC1i2w3At/Aatf20Ai8pPERgL++3W2qgxV7LY+TzUgvsx7FG2VcgeyE\nEi2+lowCoZVUfTA9OWKWktFb65CIh31dtTRV+KyZVir6bHaGr8vofL1qiar1uIgU\nKy90R8KhBCy49Oxy/RlZBW0CAwEAAQ==\n-----END PUBLIC KEY-----\n",
                            "rsa_bits": "4096"
                        },
                        "meta": {},
                        "tainted": false
                    },
                    "deposed": [],
                    "provider": "provider.tls"
                }
            },
            "depends_on": []
        }
    ]
}
